dario.cat/mergo v1.0.2 h1:85+piFYR1tMbRrLcDwR18y4UKJ3aH1Tbzi24VRW1TK8=
dario.cat/mergo v1.0.2/go.mod h1:E/hbnu0NxMFBjpMIE34DRGLWqDy0g5FuKDhCb31ngxA=
github.com/Azure/go-ansiterm v0.0.0-20250102033503-faa5f7b0171c h1:udKWzYgxTojEKWjV8V+WSxDXJ4NFATAsZjh8iIbsQIg=
github.com/Azure/go-ansiterm v0.0.0-20250102033503-faa5f7b0171c/go.mod h1:xomTg63KZ2rFqZQzSB4Vz2SUXa1BpHTVz9L5PTmPC4E=
github.com/Microsoft/go-winio v0.6.2 h1:F2VQgta7ecxGYO8k3ZZz3RS8fVIXVxONVUPlNERoyfY=
github.com/Microsoft/go-winio v0.6.2/go.mod h1:yd8OoFMLzJbo9gZq8j5qaps8bJ9aShtEA8Ipt1oGCvU=
github.com/bmatcuk/doublestar/v4 v4.10.2 h1:eF7W7HWKg3z9NrWV9pTLnNeoXaqq3Tq9DNKXVMfoCnw=
github.com/bmatcuk/doublestar/v4 v4.10.2/go.mod h1:xBQ8jztBU6kakFMg+8WGxn0c6z1fTSPVIjEY1Wr7jzc=
github.com/cenkalti/backoff/v4 v4.3.0 h1:MyRJ/UdXutAwSAT+s3wNd7MfTIcy71VQueUuFK343L8=
github.com/cenkalti/backoff/v4 v4.3.0/go.mod h1:Y3VNntkOUPxTVeUxJ/G5vcM//AlwfmyYozVcomhLiZE=
github.com/cespare/xxhash/v2 v2.3.0 h1:UL815xU9SqsFlibzuggzjXhog7bL6oX9BbNZnL2UFvs=
github.com/cespare/xxhash/v2 v2.3.0/go.mod h1:VGX0DQ3Q6kWi7AoAeZDth3/j3BFtOZR5XLFGgcrjCOs=
github.com/containerd/errdefs v1.0.0 h1:tg5yIfIlQIrxYtu9ajqY42W3lpS19XqdxRQeEwYG8PI=
github.com/containerd/errdefs v1.0.0/go.mod h1:+YBYIdtsnF4Iw6nWZhJcqGSg/dwvV7tyJ/kCkyJ2k+M=
github.com/containerd/errdefs/pkg v0.3.0 h1:9IKJ06FvyNlexW690DXuQNx2KA2cUJXx151Xdx3ZPPE=
github.com/containerd/errdefs/pkg v0.3.0/go.mod h1:NJw6s9HwNuRhnjJhM7pylWwMyAkmCQvQ4GpJHEqRLVk=
github.com/containerd/log v0.1.0 h1:TCJt7ioM2cr/tfR8GPbGf9/VRAX8D2B4PjzCpfX540I=
github.com/containerd/log v0.1.0/go.mod h1:VRRf09a7mHDIRezVKTRCrOq78v577GXq3bSa3EhrzVo=
github.com/containerd/platforms v0.2.1 h1:zvwtM3rz2YHPQsF2CHYM8+KtB5dvhISiXh5ZpSBQv6A=
github.com/containerd/platforms v0.2.1/go.mod h1:XHCb+2/hzowdiut9rkudds9bE5yJ7npe7dG/wG+uFPw=
github.com/cpuguy83/dockercfg v0.3.2 h1:DlJTyZGBDlXqUZ2Dk2Q3xHs/FtnooJJVaad2S9GKorA=
github.com/cpuguy83/dockercfg v0.3.2/go.mod h1:sugsbF4//dDlL/i+S+rtpIWp+5h0BHJHfjj5/jFyUJc=
github.com/davecgh/go-spew v1.1.0/go.mod h1:J7Y8YcW2NihsgmVo/mv3lAwl/skON4iLHjSsI+c5H38=
github.com/davecgh/go-spew v1.1.1/go.mod h1:J7Y8YcW2NihsgmVo/mv3lAwl/skON4iLHjSsI+c5H38=
github.com/davecgh/go-spew v1.1.2-0.20180830191138-d8f796af33cc h1:U9qPSI2PIWSS1VwoXQT9A3Wy9MM3WgvqSxFWenqJduM=
github.com/davecgh/go-spew v1.1.2-0.20180830191138-d8f796af33cc/go.mod h1:J7Y8YcW2NihsgmVo/mv3lAwl/skON4iLHjSsI+c5H38=
github.com/distribution/reference v0.6.0 h1:0IXCQ5g4/QMHHkarYzh5l+u8T3t73zM5QvfrDyIgxBk=
github.com/distribution/reference v0.6.0/go.mod h1:BbU0aIcezP1/5jX/8MP0YiH4SdvB5Y4f/wlDRiLyi3E=
github.com/docker/go-connections v0.8.1 h1:JibmG5hULs5qXSr/cp/w3Pw5fZuStt4MOHMUExb29/M=
github.com/docker/go-connections v0.8.1/go.mod h1:no1qkHdjq7kLMGUXYAduOhYPSJxxvgWBh7ogVvptn3Q=
github.com/docker/go-units v0.5.0 h1:69rxXcBk27SvSaaxTtLh/8llcHD8vYHT7WSdRZ/jvr4=
github.com/docker/go-units v0.5.0/go.mod h1:fgPhTUdO+D/Jk86RDLlptpiXQzgHJF7gydDDbaIK4Dk=
github.com/ebitengine/purego v0.10.0 h1:QIw4xfpWT6GWTzaW5XEKy3HXoqrJGx1ijYHzTF0/ISU=
github.com/ebitengine/purego v0.10.0/go.mod h1:iIjxzd6CiRiOG0UyXP+V1+jWqUXVjPKLAI0mRfJZTmQ=
github.com/elastic/lunes v0.2.2 h1:dZFEaebNg9l+mzvOQN6Nd/c9y6y8rUe3tBWsTgvM08U=
github.com/elastic/lunes v0.2.2/go.mod h1:u3W/BdONWTrh0JjNZ21C907dDc+cUZttZrGa625nf2k=
github.com/expr-lang/expr v1.17.8 h1:W1loDTT+0PQf5YteHSTpju2qfUfNoBt4yw9+wOEU9VM=
github.com/expr-lang/expr v1.17.8/go.mod h1:8/vRC7+7HBzESEqt5kKpYXxrxkr31SaO8r40VO/1IT4=
github.com/felixge/httpsnoop v1.1.0 h1:3YtUj32ZZkqZtt3sZZsClsymw/QDuVfpNhoA31zeORc=
github.com/felixge/httpsnoop v1.1.0/go.mod h1:Zqxgdd+1Rkcz8euOqdr7lqgCRJztwr5hp9vDSi5UZCE=
github.com/go-logr/logr v1.4.4 h1:tG4xh9yMsRCAiodLVTxyrkzSZ9+o0L1Kg/+cPVcbP/8=
github.com/go-logr/logr v1.4.4/go.mod h1:9T104GzyrTigFIr8wt5mBrctHMim0Nb2HLGrmQ40KvY=
github.com/go-logr/stdr v1.2.2 h1:hSWxHoqTgW2S2qGc0LTAI563KZ5YKYRhT3MFKZMbjag=
github.com/go-logr/stdr v1.2.2/go.mod h1:mMo/vtBO5dYbehREoey6XUKy/eSumjCCveDpRre4VKE=
github.com/go-ole/go-ole v1.2.6/go.mod h1:pprOEPIfldk/42T2oK7lQ4v4JSDwmV0As9GaiUsvbm0=
github.com/go-ole/go-ole v1.3.0 h1:Dt6ye7+vXGIKZ7Xtk4s6/xVdGDQynvom7xCFEdWr6uE=
github.com/go-ole/go-ole v1.3.0/go.mod h1:5LS6F96DhAwUc7C+1HLexzMXY1xGRSryjyPPKW6zv78=
github.com/go-viper/mapstructure/v2 v2.5.0 h1:vM5IJoUAy3d7zRSVtIwQgBj7BiWtMPfmPEgAXnvj1Ro=
github.com/go-viper/mapstructure/v2 v2.5.0/go.mod h1:oJDH3BJKyqBA2TXFhDsKDGDTlndYOZ6rGS0BRZIxGhM=
github.com/gobwas/glob v0.2.3 h1:A4xDbljILXROh+kObIiy5kIaPYD8e96x1tgBhUI5J+Y=
github.com/gobwas/glob v0.2.3/go.mod h1:d3Ez4x06l9bZtSvzIay5+Yzi0fmZzPgnTbPcKjJAkT8=
github.com/goccy/go-json v0.10.6 h1:p8HrPJzOakx/mn/bQtjgNjdTcN+/S6FcG2CTtQOrHVU=
github.com/goccy/go-json v0.10.6/go.mod h1:oq7eo15ShAhp70Anwd5lgX2pLfOS3QCiwU/PULtXL6M=
github.com/golang/protobuf v1.5.4 h1:i7eJL8qZTpSEXOPTxNKhASYpMn+8e5Q6AdndVa1dWek=
github.com/golang/protobuf v1.5.4/go.mod h1:lnTiLA8Wa4RWRcIUkrtSVa5nRhsEGBg48fD6rSs7xps=
github.com/google/go-cmp v0.2.0/go.mod h1:oXzfMopK8JAjlY9xF4vHSVASa0yLyX7SntLO5aqRK0M=
github.com/google/go-cmp v0.5.6/go.mod h1:v8dTdLbMG2kIc/vJvl+f65V22dbkXbowE6jgT/gNBxE=
github.com/google/go-cmp v0.7.0 h1:wk8382ETsv4JYUZwIsn6YpYiWiBsYLSJiTsyBybVuN8=
github.com/google/go-cmp v0.7.0/go.mod h1:pXiqmnSA92OHEEa9HXL2W4E7lf9JzCmGVUdgjX3N/iU=
github.com/google/gofuzz v1.0.0/go.mod h1:dBl0BpW6vV/+mYPU4Po3pmUjxk6FQPldtuIdl/M65Eg=
github.com/google/uuid v1.6.0 h1:NIvaJDMOsjHA8n1jAhLSgzrAzy1Hgr+hNrb57e+94F0=
github.com/google/uuid v1.6.0/go.mod h1:TIyPZe4MgqvfeYDBFedMoGGpEw/LqOeaOT+nhxU+yHo=
github.com/grpc-ecosystem/grpc-gateway/v2 v2.31.0 h1:Bd7KaOxzULLxtZ/K5s1aLbWhR0+5RToO65TXHsf3bqQ=
github.com/grpc-ecosystem/grpc-gateway/v2 v2.31.0/go.mod h1:nN7ts3dFXKtCZWc//yfkpcQNKJABg16/uDVAZpLDalo=
github.com/hashicorp/go-version v1.9.0 h1:CeOIz6k+LoN3qX9Z0tyQrPtiB1DFYRPfCIBtaXPSCnA=
github.com/hashicorp/go-version v1.9.0/go.mod h1:fltr4n8CU8Ke44wwGCBoEymUuxUHl09ZGVZPK5anwXA=
github.com/hashicorp/golang-lru/v2 v2.0.7 h1:a+bsQ5rvGLjzHuww6tVxozPZFVghXaHOwFs4luLUK2k=
github.com/hashicorp/golang-lru/v2 v2.0.7/go.mod h1:QeFd9opnmA6QUJc5vARoKUSoFhyfM2/ZepoAG6RGpeM=
github.com/jonboulle/clockwork v0.5.0 h1:Hyh9A8u51kptdkR+cqRpT1EebBwTn1oK9YfGYbdFz6I=
github.com/jonboulle/clockwork v0.5.0/go.mod h1:3mZlmanh0g2NDKO5TWZVJAfofYk64M7XN3SzBPjZF60=
github.com/json-iterator/go v1.1.12 h1:PV8peI4a0ysnczrg+LtxykD8LfKY9ML6u2jnxaEnrnM=
github.com/json-iterator/go v1.1.12/go.mod h1:e30LSqwooZae/UwlEbR2852Gd8hjQvJoHmT4TnhNGBo=
github.com/klauspost/compress v1.20.1 h1:T7kKElXUMXrUJ2E9QhQhxFtcK5rPyLdsGZvdbLMPdiQ=
github.com/klauspost/compress v1.20.1/go.mod h1:LUdAzn7YLVvxLpc7y3V1m40wESHTgc1422pwwBSKYuI=
github.com/knadh/koanf/maps v0.1.2 h1:RBfmAW5CnZT+PJ1CVc1QSJKf4Xu9kxfQgYVQSu8hpbo=
github.com/knadh/koanf/maps v0.1.2/go.mod h1:npD/QZY3V6ghQDdcQzl1W4ICNVTkohC8E73eI2xW4yI=
github.com/knadh/koanf/providers/confmap v1.0.0 h1:mHKLJTE7iXEys6deO5p6olAiZdG5zwp8Aebir+/EaRE=
github.com/knadh/koanf/providers/confmap v1.0.0/go.mod h1:txHYHiI2hAtF0/0sCmcuol4IDcuQbKTybiB1nOcUo1A=
github.com/knadh/koanf/v2 v2.3.5 h1:2dXJUYaKGm4SGYeoAtBviq9+02JZo/pxQ2ssOd60rJg=
github.com/knadh/koanf/v2 v2.3.5/go.mod h1:gRb40VRAbd4iJMYYD5IxZ6hfuopFcXBpc9bbQpZwo28=
github.com/leodido/go-syslog/v4 v4.6.0 h1:3o9H6K0cj9ITrNt7MG6CJ/Ae+vXmZcEPhI/N30/20Ig=
github.com/leodido/go-syslog/v4 v4.6.0/go.mod h1:BOEXCJSgy32THF4eZWwtZ11w6LrrFVBj+nMtv06ge4w=
github.com/leodido/ragel-machinery v0.0.0-20190525184631-5f46317e436b h1:11UHH39z1RhZ5dc4y4r/4koJo6IYFgTRMe/LlwRTEw0=
github.com/leodido/ragel-machinery v0.0.0-20190525184631-5f46317e436b/go.mod h1:WZxr2/6a/Ar9bMDc2rN/LJrE/hF6bXE4LPyDSIxwAfg=
github.com/lufia/plan9stats v0.0.0-20211012122336-39d0f177ccd0 h1:6E+4a0GO5zZEnZ81pIr0yLvtUWk2if982qA3F3QD6H4=
github.com/lufia/plan9stats v0.0.0-20211012122336-39d0f177ccd0/go.mod h1:zJYVVT2jmtg6P3p1VtQj7WsuWi/y4VnjVBn7F8KPB3I=
github.com/magefile/mage v1.15.0 h1:BvGheCMAsG3bWUDbZ8AyXXpCNwU9u5CB6sM+HNb9HYg=
github.com/magefile/mage v1.15.0/go.mod h1:z5UZb/iS3GoOSn0JgWuiw7dxlurVYTu+/jHXqQg881A=
github.com/magiconair/properties v1.8.10 h1:s31yESBquKXCV9a/ScB3ESkOjUYYv+X0rg8SYxI99mE=
github.com/magiconair/properties v1.8.10/go.mod h1:Dhd985XPs7jluiymwWYZ0G4Z61jb3vdS329zhj2hYo0=
github.com/mitchellh/copystructure v1.2.0 h1:vpKXTN4ewci03Vljg/q9QvCGUDttBOGBIa15WveJJGw=
github.com/mitchellh/copystructure v1.2.0/go.mod h1:qLl+cE2AmVv+CoeAwDPye/v+N2HKCj9FbZEVFJRxO9s=
github.com/mitchellh/reflectwalk v1.0.2 h1:G2LzWKi524PWgd3mLHV8Y5k7s6XUvT0Gef6zxSIeXaQ=
github.com/mitchellh/reflectwalk v1.0.2/go.mod h1:mSTlrgnPZtwu0c4WaC2kGObEpuNDbx0jmZXqmk4esnw=
github.com/moby/docker-image-spec v1.3.1 h1:jMKff3w6PgbfSa69GfNg+zN/XLhfXJGnEx3Nl2EsFP0=
github.com/moby/docker-image-spec v1.3.1/go.mod h1:eKmb5VW8vQEh/BAr2yvVNvuiJuY6UIocYsFu/DxxRpo=
github.com/moby/go-archive v0.2.0 h1:zg5QDUM2mi0JIM9fdQZWC7U8+2ZfixfTYoHL7rWUcP8=
github.com/moby/go-archive v0.2.0/go.mod h1:mNeivT14o8xU+5q1YnNrkQVpK+dnNe/K6fHqnTg4qPU=
github.com/moby/moby/api v1.56.1 h1:PpWkvVPB7Fr/No8w+TfyJ/I6rWZ2YPZhT3JorIg+06c=
github.com/moby/moby/api v1.56.1/go.mod h1:sZ+THbVWkjOmBPPfbnzdD/G1LuIexWhqlSHHPTDQ1Uk=
github.com/moby/moby/client v0.6.1 h1:gvfKmdcWw+9MzXYP0vAUKQtBTGu1L8475K2nsmL7O98=
github.com/moby/moby/client v0.6.1/go.mod h1:XHgTFqz9NCgS/VuoxXMmEDVmVgXQ4vFEc15wsCIwb24=
github.com/moby/patternmatcher v0.6.1 h1:qlhtafmr6kgMIJjKJMDmMWq7WLkKIo23hsrpR3x084U=
github.com/moby/patternmatcher v0.6.1/go.mod h1:hDPoyOpDY7OrrMDLaYoY3hf52gNCR/YOUYxkhApJIxc=
github.com/moby/sys/sequential v0.6.0 h1:qrx7XFUd/5DxtqcoH1h438hF5TmOvzC/lspjy7zgvCU=
github.com/moby/sys/sequential v0.6.0/go.mod h1:uyv8EUTrca5PnDsdMGXhZe6CCe8U/UiTWd+lL+7b/Ko=
github.com/moby/sys/user v0.4.0 h1:jhcMKit7SA80hivmFJcbB1vqmw//wU61Zdui2eQXuMs=
github.com/moby/sys/user v0.4.0/go.mod h1:bG+tYYYJgaMtRKgEmuueC0hJEAZWwtIbZTB+85uoHjs=
github.com/moby/sys/userns v0.1.0 h1:tVLXkFOxVu9A64/yh59slHVv9ahO9UIev4JZusOLG/g=
github.com/moby/sys/userns v0.1.0/go.mod h1:IHUYgu/kao6N8YZlp9Cf444ySSvCmDlmzUcYfDHOl28=
github.com/moby/term v0.5.2 h1:6qk3FJAFDs6i/q3W/pQ97SX192qKfZgGjCQqfCJkgzQ=
github.com/moby/term v0.5.2/go.mod h1:d3djjFCrjnB+fl8NJux+EJzu0msscUP+f8it8hPkFLc=
github.com/modern-go/concurrent v0.0.0-20180228061459-e0a39a4cb421/go.mod h1:6dJC0mAP4ikYIbvyc7fijjWJddQyLn8Ig3JB5CqoB9Q=
github.com/modern-go/concurrent v0.0.0-20180306012644-bacd9c7ef1dd h1:TRLaZ9cD/w8PVh93nsPXa1VrQ6jlwL5oN8l14QlcNfg=
github.com/modern-go/concurrent v0.0.0-20180306012644-bacd9c7ef1dd/go.mod h1:6dJC0mAP4ikYIbvyc7fijjWJddQyLn8Ig3JB5CqoB9Q=
github.com/modern-go/reflect2 v1.0.2/go.mod h1:yWuevngMOJpCy52FWWMvUC8ws7m/LJsjYzDa0/r8luk=
github.com/modern-go/reflect2 v1.0.3-0.20250322232337-35a7c28c31ee h1:W5t00kpgFdJifH4BDsTlE89Zl93FEloxaWZfGcifgq8=
github.com/modern-go/reflect2 v1.0.3-0.20250322232337-35a7c28c31ee/go.mod h1:yWuevngMOJpCy52FWWMvUC8ws7m/LJsjYzDa0/r8luk=
github.com/open-telemetry/opentelemetry-collector-contrib/extension/storage v0.157.0 h1:ZUHfd8qumKAMctr0CnRdsMjfke/RBU8702O3auyWMtM=
github.com/open-telemetry/opentelemetry-collector-contrib/extension/storage v0.157.0/go.mod h1:x6bJlY9KOnHTbRqKhdmR5jbutjunFsDC5r+OP60+RRU=
github.com/open-telemetry/opentelemetry-collector-contrib/internal/common v0.157.0 h1:aQVvm4iiT1DUx2CzeDLEWETDKgbBvWAPJgancj6SQXY=
github.com/open-telemetry/opentelemetry-collector-contrib/internal/common v0.157.0/go.mod h1:O8CaK9NpZseY5l4LSxsOkH3QQVpIK+qwoAAXUPWrZdg=
github.com/open-telemetry/opentelemetry-collector-contrib/internal/coreinternal v0.157.0 h1:VSSYnwXzCdpNOfWkBj0JWOy/iEj+BwS97MEgDquQP6k=
github.com/open-telemetry/opentelemetry-collector-contrib/internal/coreinternal v0.157.0/go.mod h1:CJVh4lwbI8NZ7lrYvM5AUNSyMkeiM/iRJqOWzDGjd8s=
github.com/open-telemetry/opentelemetry-collector-contrib/internal/filter v0.157.0 h1:MVFunSPPiBH5XflOVbxRjlbXnlDKcA9IUgHIijfEsC4=
github.com/open-telemetry/opentelemetry-collector-contrib/internal/filter v0.157.0/go.mod h1:osR7cxslShL5ViU8zp79ZAmZDXSInzLfWMWKmqNN3p4=
github.com/open-telemetry/opentelemetry-collector-contrib/internal/gopsutilenv v0.157.0 h1:Sr8l+dG2K8cwC7nSq+b7jldiRBPDTGoYupWTs46bY+4=
github.com/open-telemetry/opentelemetry-collector-contrib/internal/gopsutilenv v0.157.0/go.mod h1:AZr7Zb9f2JBrnK9dTdTf3lJNiRQ8se4hXyIfXKFcmv8=
github.com/open-telemetry/opentelemetry-collector-contrib/pkg/experimentalmetricmetadata v0.157.0 h1:PAdnom1BcpqNG+TEM3QoWIFcjGhc6PrsKqw4r5c+ZM0=
github.com/open-telemetry/opentelemetry-collector-contrib/pkg/experimentalmetricmetadata v0.157.0/go.mod h1:af4OQGPiR+kJ57YFVSkYn+paNLBRYCmfaqcGiWmV11o=
github.com/open-telemetry/opentelemetry-collector-contrib/pkg/golden v0.157.0 h1:IeELXc6t6ckP+/rNK6Ni0DIB0qY9Hn2RjqdtvtLkgWY=
github.com/open-telemetry/opentelemetry-collector-contrib/pkg/golden v0.157.0/go.mod h1:9wwPZDYZ+mVPTnI3jomH3mQildfH6SBNoqFwlLdWLiw=
github.com/open-telemetry/opentelemetry-collector-contrib/pkg/pdatatest v0.157.0 h1:yM+TsAD0OEr1RdxZ/NB8C0kArZCkgzOjzOp9TbmdX0w=
github.com/open-telemetry/opentelemetry-collector-contrib/pkg/pdatatest v0.157.0/go.mod h1:rugNqTrH2rSgtTV4Sko7rI4WgETpYXwx+Cpi9FfpPuY=
github.com/open-telemetry/opentelemetry-collector-contrib/pkg/pdatautil v0.157.0 h1:oQWc2BKFkPqo14Zh+qDEWZItxJacKSubLjtFirojFnk=
github.com/open-telemetry/opentelemetry-collector-contrib/pkg/pdatautil v0.157.0/go.mod h1:fMeXcxEg6tHlCPRjf2jQ6KavnvDrwoGvJ8q8ihDk3BE=
github.com/open-telemetry/opentelemetry-collector-contrib/pkg/stanza v0.157.0 h1:IGzazc7VSPKjMGem50fulBsU6P5esO1t4/7vCo1FAvw=
github.com/open-telemetry/opentelemetry-collector-contrib/pkg/stanza v0.157.0/go.mod h1:cQDc//mBJ6FcKYe6LXciiugTpGtte7ODX0XphSY5uHc=
github.com/open-telemetry/opentelemetry-collector-contrib/pkg/winperfcounters v0.157.0 h1:f+SnexI71wXYeLjouvkSuWajwEhizXw2xTBzOXQBLJQ=
github.com/open-telemetry/opentelemetry-collector-contrib/pkg/winperfcounters v0.157.0/go.mod h1:G1lP0lO4zB+vOr7G4e2zpvtR7npEgFraiQdHOjDgWq8=
github.com/open-telemetry/opentelemetry-collector-contrib/receiver/filelogreceiver v0.157.0 h1:EVbqFx+6Jd06N0PhWVC818ecKz1FGFIrE6K9XJudwjw=
github.com/open-telemetry/opentelemetry-collector-contrib/receiver/filelogreceiver v0.157.0/go.mod h1:3I6pjOdOW6C3TJ4h/HWjLLr0JcRhoqhvjbQlAlXEyFY=
github.com/open-telemetry/opentelemetry-collector-contrib/receiver/hostmetricsreceiver v0.157.0 h1:tw4QIjGTZIfM0S4yxc/itAVqjlGuShXjmFUPyEm5nyg=
github.com/open-telemetry/opentelemetry-collector-contrib/receiver/hostmetricsreceiver v0.157.0/go.mod h1:kucwVuS3P7jkWvaiHlCjXGoqoo22RIWK0yPvgIpm1CE=
github.com/opencontainers/go-digest v1.0.0 h1:apOUWs51W5PlhuyGyz9FCeeBIOUDA/6nW8Oi/yOhh5U=
github.com/opencontainers/go-digest v1.0.0/go.mod h1:0JzlMkj0TRzQZfJkVvzbP0HBR3IKzErnv2BNG4W4MAM=
github.com/opencontainers/image-spec v1.1.1 h1:y0fUlFfIZhPF1W537XOLg0/fcx6zcHCJwooC2xJA040=
github.com/opencontainers/image-spec v1.1.1/go.mod h1:qpqAh3Dmcf36wStyyWU+kCeDgrGnAve2nCC8+7h8Q0M=
github.com/pmezard/go-difflib v1.0.0/go.mod h1:iKH77koFhYxTK1pcRnkKkqfTogsbg7gZNVY4sRDYZ/4=
github.com/power-devops/perfstat v0.0.0-20240221224432-82ca36839d55 h1:o4JXh1EVt9k/+g42oCprj/FisM4qX9L3sZB3upGN2ZU=
github.com/power-devops/perfstat v0.0.0-20240221224432-82ca36839d55/go.mod h1:OmDBASR4679mdNQnz2pUhc2G8CO2JrUAVFDRBDP/hJE=
github.com/prometheus/procfs v0.21.1 h1:GljZCt+zSTS+NZq88cyQ1LjZ+RCHp3uVuabBWA5+OJI=
github.com/prometheus/procfs v0.21.1/go.mod h1:aB55Cww9pdSJVHk0hUf0inxWyyjPogFIjmHKYgMKmtY=
github.com/shirou/gopsutil/v4 v4.26.6 h1:Mzr/npDtQC/xpeEuQKHZt8Zo9CmPvhTj8nkR8w5TLDs=
github.com/shirou/gopsutil/v4 v4.26.6/go.mod h1:LZ6ewCSkBqUpvSOf+LsTGnRinC6iaNUNMGBtDkJBaLQ=
github.com/sirupsen/logrus v1.9.4 h1:TsZE7l11zFCLZnZ+teH4Umoq5BhEIfIzfRDZ1Uzql2w=
github.com/sirupsen/logrus v1.9.4/go.mod h1:ftWc9WdOfJ0a92nsE2jF5u5ZwH8Bv2zdeOC42RjbV2g=
github.com/stretchr/objx v0.1.0/go.mod h1:HFkY916IF+rwdDfMAkV7OtwuqBVzrE8GR6GFx+wExME=
github.com/stretchr/objx v0.5.3 h1:jmXUvGomnU1o3W/V5h2VEradbpJDwGrzugQQvL0POH4=
github.com/stretchr/objx v0.5.3/go.mod h1:rDQraq+vQZU7Fde9LOZLr8Tax6zZvy4kuNKF+QYS+U0=
github.com/stretchr/testify v1.3.0/go.mod h1:M5WIy9Dh21IEIfnGCwXGc5bZfKNJtfHm1UVUgZn+9EI=
github.com/stretchr/testify v1.12.1 h1:EuwCh5fleGS7H32xRwO3wRGT7DxrDhLAT6FF8MpWDWE=
github.com/stretchr/testify v1.12.1/go.mod h1:MDEgiDPPsNp5cuIrHPPCyornHKgEVbtFUmoNlxoYthg=
github.com/testcontainers/testcontainers-go v0.43.0 h1:oEQx5MW2DGd9z3AeEQfB2lPM0eLs7ztyaGRu75bFo5A=
github.com/testcontainers/testcontainers-go v0.43.0/go.mod h1:+VxkT2NQnKOZPKi6praMuMKYHYyOGXr0XSBSlSMCzFo=
github.com/tilinna/clock v1.1.0 h1:6IQQQCo6KoBxVudv6gwtY8o4eDfhHo8ojA5dP0MfhSs=
github.com/tilinna/clock v1.1.0/go.mod h1:ZsP7BcY7sEEz7ktc0IVy8Us6boDrK8VradlKRUGfOao=
github.com/tklauser/go-sysconf v0.3.16 h1:frioLaCQSsF5Cy1jgRBrzr6t502KIIwQ0MArYICU0nA=
github.com/tklauser/go-sysconf v0.3.16/go.mod h1:/qNL9xxDhc7tx3HSRsLWNnuzbVfh3e7gh/BmM179nYI=
github.com/tklauser/numcpus v0.11.0 h1:nSTwhKH5e1dMNsCdVBukSZrURJRoHbSEQjdEbY+9RXw=
github.com/tklauser/numcpus v0.11.0/go.mod h1:z+LwcLq54uWZTX0u/bGobaV34u6V7KNlTZejzM6/3MQ=
github.com/valyala/fastjson v1.6.10 h1:/yjJg8jaVQdYR3arGxPE2X5z89xrlhS0eGXdv+ADTh4=
github.com/valyala/fastjson v1.6.10/go.mod h1:e6FubmQouUNP73jtMLmcbxS6ydWIpOfhz34TSfO3JaE=
github.com/yusufpapurcu/wmi v1.2.4 h1:zFUKzehAFReQwLys1b/iSMl+JQGSCSjtVqQn9bBrPo0=
github.com/yusufpapurcu/wmi v1.2.4/go.mod h1:SBZ9tNy3G9/m5Oi98Zks0QjeHVDvuK0qfxQmPyzfmi0=
go.opentelemetry.io/auto/sdk v1.2.1 h1:jXsnJ4Lmnqd11kwkBV2LgLoFMZKizbCi5fNZ/ipaZ64=
go.opentelemetry.io/auto/sdk v1.2.1/go.mod h1:KRTj+aOaElaLi+wW1kO/DZRXwkF4C5xPbEe3ZiIhN7Y=
go.opentelemetry.io/collector/component v1.63.0 h1:l98ZCxfCTt/O6dYB0JVKKtewaFLe/a6N2qQe61Tbf2o=
go.opentelemetry.io/collector/component v1.63.0/go.mod h1:yLGMmT7jUiqvuGvkqlfR1CBi0dRkSV67tq22I08ZMPk=
go.opentelemetry.io/collector/component/componenttest v0.157.0 h1:kTMapOVJ3YMKf5Lu2j/FdcKipn90KkIrnHkKca8uNfk=
go.opentelemetry.io/collector/component/componenttest v0.157.0/go.mod h1:AUzvlwDat8AHaNRDm+dzQ59uaEXQO1qTWccjkRjqq00=
go.opentelemetry.io/collector/confmap v1.63.0 h1:1THBabHoQc8t/9r6ztMsghiO1OxDPZpYtn0cuwwsxYI=
go.opentelemetry.io/collector/confmap v1.63.0/go.mod h1:ksJNAmLTiMkBjMYwXFW1MRRfXYnRsHXA0fW+ZGwb/1U=
go.opentelemetry.io/collector/confmap/xconfmap v0.157.0 h1:jZV8p2wMQhq0ktl1/LAFGOXMCzzfMq56r80r41kKoEs=
go.opentelemetry.io/collector/confmap/xconfmap v0.157.0/go.mod h1:W1wZk6YJ3+IyvIZEmkXH/ejwkUtBV2zCThY6ewZYd6E=
go.opentelemetry.io/collector/consumer v1.63.0 h1:0eOZh0qmDg6HCJaiUqI9FAb4BD4fKJNNO+ygMV/WW0w=
go.opentelemetry.io/collector/consumer v1.63.0/go.mod h1:IVhjv4d+PmSf4Ttz/guJFbWJtRM3Ld3nRcZ12gxy6PA=
go.opentelemetry.io/collector/consumer/consumererror v0.157.0 h1:ljztZISi+MgMz5DVPq0BT7tH0OX9MRCKPFXXLcm7zWc=
go.opentelemetry.io/collector/consumer/consumererror v0.157.0/go.mod h1:Ggv+XTMUazTbCYkbjJaa+JgVrv6AWFHVjhZ2s6gHQjo=
go.opentelemetry.io/collector/consumer/consumertest v0.157.0 h1:zehAVaLn67AWLhhi/LrUY0Tv06XWx5LYCvvmu7xHXHU=
go.opentelemetry.io/collector/consumer/consumertest v0.157.0/go.mod h1:HRxCIepTczx1uWnm3VPPNbt0k+N9fG/ENZDF1dGrkQc=
go.opentelemetry.io/collector/consumer/xconsumer v0.157.0 h1:DPbDCHDwbwVa0OoikTktkbXAobN7EgC4XbYaNJIyooI=
go.opentelemetry.io/collector/consumer/xconsumer v0.157.0/go.mod h1:IepWZ5ZNBUuS5OiCPQaD/Q1buqriiItxaaMYD7nqYdc=
go.opentelemetry.io/collector/extension v1.63.0 h1:wtZXWEFo4pM5Nw/ZUTiC1JbhG0rfbX4n+4nObN1RD9Y=
go.opentelemetry.io/collector/extension v1.63.0/go.mod h1:K4UQiO/T+B3ex5D5UL0H0Jd7xB3NL12qUHisGiCitbU=
go.opentelemetry.io/collector/extension/extensioncapabilities v0.157.0 h1:pO+NaszFKv99W9nioopyHMkjGNSx/I3Q6fI+SgeEvpk=
go.opentelemetry.io/collector/extension/extensioncapabilities v0.157.0/go.mod h1:dBSyIfFGcyEPmj0xP2fEQByzm2g6iJiZ3JpfSaexcrE=
go.opentelemetry.io/collector/extension/xextension v0.157.0 h1:tRWFvVGMUfPEfog4y0t2mbXz5dxc4rmp/K8J1rAAKiA=
go.opentelemetry.io/collector/extension/xextension v0.157.0/go.mod h1:Gegyl4sliQC5IqZNvrO4+HBtkuprxcd17GzGPcLJX5g=
go.opentelemetry.io/collector/featuregate v1.63.0 h1:6EWX1C5AtmIh8hFH97DwK6R7R8Jk3fTLxAUfZPXGutY=
go.opentelemetry.io/collector/featuregate v1.63.0/go.mod h1:4ga1QBMPEejXXmpyJS8lmaRpknJ3Lb9Bvk6e420bUFU=
go.opentelemetry.io/collector/filter v0.157.0 h1:DbVnjxbt1kPMwDDEFK/p/lBEbieUNlgJyqDgFiIeMhs=
go.opentelemetry.io/collector/filter v0.157.0/go.mod h1:JZylyWHhLGNymvNbKdqozeY+8XAPoDnpIsIMUh9P3vU=
go.opentelemetry.io/collector/internal/componentalias v0.157.0 h1:bvVANHVkXRhoRBc92rDsbiC0OHlu9/EbRqPROD9qrPc=
go.opentelemetry.io/collector/internal/componentalias v0.157.0/go.mod h1:PCLANRXGlMhf9NmU+JPFHtZuY4WpMOsccXlDHTDTu1w=
go.opentelemetry.io/collector/internal/testutil v0.157.0 h1:plojUQwFC5l1ex9KUDaLmCFY/mTxEmf3zrlP7M23IEw=
go.opentelemetry.io/collector/internal/testutil v0.157.0/go.mod h1:Jkjs6rkqs973LqgZ0Fe3zrokQRKULYXPIf4HuqStiEE=
go.opentelemetry.io/collector/pdata v1.63.0 h1:fY2xSG2MnyoBwA4GUhzoogGZMuNS0qHpCoODqaKwiVQ=
go.opentelemetry.io/collector/pdata v1.63.0/go.mod h1:jzozYYhQEkTQ/CCbCBNC+hYUeju9S2J8HIqIDHdxZWk=
go.opentelemetry.io/collector/pdata/pprofile v0.157.0 h1:YRTPhwWzdG0pfJmb8p/qpQm1EdX+JfV20qzwG3ypDqI=
go.opentelemetry.io/collector/pdata/pprofile v0.157.0/go.mod h1:kwy/ufNUBkw8PsFPQnAqCvD12OpGU8h9A1cz5S7xS6g=
go.opentelemetry.io/collector/pdata/testdata v0.157.0 h1:TEee4jvYe8b0nPPKQnOnLz3LaA/XRtv3ja8J56DWIZc=
go.opentelemetry.io/collector/pdata/testdata v0.157.0/go.mod h1:ht50rAkY2bonM0eL+IvGDcAKWPNKdFE+8LjdaFjcOAA=
go.opentelemetry.io/collector/pdata/xpdata v0.157.0 h1:xNZQZmQTPLEHCvGjK0QuDG9q02T8kglabWS1UJxgc/M=
go.opentelemetry.io/collector/pdata/xpdata v0.157.0/go.mod h1:BkbLhFiCx0q7WoNWol1qHec3B5FMm53bPtzGZVwVhXI=
go.opentelemetry.io/collector/pipeline v1.63.0 h1:D97Nb1Jsgp8Ks+74jXs24kBZVd4pPdhuKe9dVogjcEo=
go.opentelemetry.io/collector/pipeline v1.63.0/go.mod h1:RD90NG3Jbk965Xaqym3JyHkuol4uZJjQVUkD9ddXJIs=
go.opentelemetry.io/collector/pipeline/xpipeline v0.157.0 h1:Z+HLVDAnp/pJFcPwfR8FQencUjMHt7FrAnmcjPl2A4U=
go.opentelemetry.io/collector/pipeline/xpipeline v0.157.0/go.mod h1:3iErnr5ySVC0ijl5sqYF2n9CiLpfOSeF7KcsAhcmoto=
go.opentelemetry.io/collector/receiver v1.63.0 h1:/77VTVW/T2cG2HBZ5iYTjqVQmZreIaNWkGONQgEI0aI=
go.opentelemetry.io/collector/receiver v1.63.0/go.mod h1:hwpdwXgwI3q00vSG2CJ5+qJFpVHnfi7Cz/e5wcgcJXE=
go.opentelemetry.io/collector/receiver/receiverhelper v0.157.0 h1:yS4QyoItalinfNtk/F6stIMYU9SE8EQQhH+wiU78XyU=
go.opentelemetry.io/collector/receiver/receiverhelper v0.157.0/go.mod h1:sSDq1aAT8XN9Ta/mk5S4L/ceb0FfThM/QJgw7mgllUA=
go.opentelemetry.io/collector/receiver/receivertest v0.157.0 h1:/ggPcx7fVmBjH/iGbyf5aXEPIREUfDxeMVutB420c+s=
go.opentelemetry.io/collector/receiver/receivertest v0.157.0/go.mod h1:hAi8M/Rjj0TyL5Q7LutQVPGSu5D5cHJyXjWbJ/78zCc=
go.opentelemetry.io/collector/receiver/xreceiver v0.157.0 h1:mjqUE5EdVpIjG1vShhdsZ++/22fs5gpzLpbnbQfOmbY=
go.opentelemetry.io/collector/receiver/xreceiver v0.157.0/go.mod h1:zmpPp/75gM0ixRz9yTktggXMGsuiLPfD+z3Bd3tyIWY=
go.opentelemetry.io/collector/scraper v0.157.0 h1:vo0pTa6XoGReaT4TRokjRNCSeXN2VkB25og8M0Tnma0=
go.opentelemetry.io/collector/scraper v0.157.0/go.mod h1:TG4bBZmc7uIh/AprzYVXUh5/W74Y54nGIV11Wjwe9MQ=
go.opentelemetry.io/collector/scraper/scraperhelper v0.157.0 h1:ZAssN/dkdetG2IOLNBTr9y4iC5a6w/VV8JWhkscm8O4=
go.opentelemetry.io/collector/scraper/scraperhelper v0.157.0/go.mod h1:26sVJUAAezNRq+xOjsGEJGDA8L3mlKgriOnnQjbsmiY=
go.opentelemetry.io/collector/scraper/scrapertest v0.157.0 h1:XLWCYKltJFbse0IfMKksF/eZZWFxG/98nPUwLDAxuGE=
go.opentelemetry.io/collector/scraper/scrapertest v0.157.0/go.mod h1:BldCbdREQdpHuSOmnYOmgQG0lzBkSEXuYDhyv56dg30=
go.opentelemetry.io/contrib/instrumentation/net/http/otelhttp v0.71.0 h1:3g7B90UzBltIDKq1/5mrTGxTnOFDV0ICOhLoxiZ8jlg=
go.opentelemetry.io/contrib/instrumentation/net/http/otelhttp v0.71.0/go.mod h1:Ef8SuTh59BT7+ofpDxN9z+yOlc4t2GjLmKDgYNJL/NU=
go.opentelemetry.io/otel v1.46.0 h1:FHt5/CDyVxi/8IM1CH7VE/rRgq3kLHa2mSTVMO8AWyc=
go.opentelemetry.io/otel v1.46.0/go.mod h1:Gj3SEScelsNC45tp4nSxRYlS+f5iez7W8XPMCt905kE=
go.opentelemetry.io/otel/metric v1.46.0 h1:yBnkXvgV7AXFILZc5K6IZe/CBFF3OS7BJ8ov6/lj0K8=
go.opentelemetry.io/otel/metric v1.46.0/go.mod h1:iPmdWqifKUdzziPkvvzIJXITl56fQx2mGM/DHLB3/2o=
go.opentelemetry.io/otel/sdk v1.46.0 h1:h5CNQQjEbuQXY/JfZtgt3i7HVFV3aHPO2OAwO2eTYPI=
go.opentelemetry.io/otel/sdk v1.46.0/go.mod h1:GAERFXFt5SYCEB+YiKUbMBeza6UaDH7GmGOZEfh2gSM=
go.opentelemetry.io/otel/sdk/metric v1.44.0 h1:3LlKgI+VjbVsjNRFZJZAJ30WjXC5VkNRks6si09iEfI=
go.opentelemetry.io/otel/sdk/metric v1.44.0/go.mod h1:5B5pMARnXxKhltooO4xUuCBorl65a4EpnTalObqOigA=
go.opentelemetry.io/otel/trace v1.46.0 h1:OULy7ccdJnZtJ0UDYFOIGaCmiWzJ8Vi2G/Rsu60qs1c=
go.opentelemetry.io/otel/trace v1.46.0/go.mod h1:J7GAXweO77XSFkB/rmAqk9D6ihszhFjLU+d9WuUxDLI=
go.opentelemetry.io/proto/otlp v1.11.1 h1:SCrPqH9NE5CmBrOqpjNCiT0X5mGwMyGERXdogfR7Yjw=
go.opentelemetry.io/proto/otlp v1.11.1/go.mod h1:wq8W4aSf6bOy8RZyESOeQFr9Pu7wydWX/TY4sgvrTPg=
go.opentelemetry.io/proto/slim/otlp v1.10.0 h1:iR97Vs/ZDR+y9TfuP9b1XBtdPWeC+OMslIBmhcLU7jM=
go.opentelemetry.io/proto/slim/otlp v1.10.0/go.mod h1:lV9250stpjYLPNA5viFabIgP2QlUGRT1GdTgAf8SIUk=
go.opentelemetry.io/proto/slim/otlp/collector/profiles/v1development v0.3.0 h1:RUF5rO0hAlgiJt1fzQVzcVs3vZVNHIcMLgOgG4rWNcQ=
go.opentelemetry.io/proto/slim/otlp/collector/profiles/v1development v0.3.0/go.mod h1:I89cynRj8y+383o7tEQVg2SVA6SRgDVIouWPUVXjx0U=
go.opentelemetry.io/proto/slim/otlp/profiles/v1development v0.3.0 h1:CQvJSldHRUN6Z8jsUeYv8J0lXRvygALXIzsmAeCcZE0=
go.opentelemetry.io/proto/slim/otlp/profiles/v1development v0.3.0/go.mod h1:xSQ+mEfJe/GjK1LXEyVOoSI1N9JV9ZI923X5kup43W4=
go.uber.org/goleak v1.3.0 h1:2K3zAYmnTNqV73imy9J1T3WC+gmCePx2hEGkimedGto=
go.uber.org/goleak v1.3.0/go.mod h1:CoHD4mav9JJNrW/WLlf7HGZPjdw8EucARQHekz1X6bE=
go.uber.org/multierr v1.11.0 h1:blXXJkSxSSfBVBlC76pxqeO+LN3aDfLQo+309xJstO0=
go.uber.org/multierr v1.11.0/go.mod h1:20+QtiLqy0Nd6FdQB9TLXag12DsQkrbs3htMFfDN80Y=
go.uber.org/zap v1.28.0 h1:IZzaP1Fv73/T/pBMLk4VutPl36uNC+OSUh3JLG3FIjo=
go.uber.org/zap v1.28.0/go.mod h1:rDLpOi171uODNm/mxFcuYWxDsqWSAVkFdX4XojSKg/Q=
go.yaml.in/yaml/v3 v3.0.5 h1:N6y/pJk8buWs9NY5ERU2HSMfm+IuD/OtfdAnq6kESPw=
go.yaml.in/yaml/v3 v3.0.5/go.mod h1:HVTZu1O7/Vkt2N+BFy8Zza+lnLsABggaTM2ZpNIGuKg=
golang.org/x/crypto v0.57.0 h1:3ZVCjf8Ggz7zneR/EHRVx68Ctf+2pmIMP2UFhh9cC6M=
golang.org/x/crypto v0.57.0/go.mod h1:Fdz0i5U6CoizGwLda9DttjSk6qlZo25zYNtR+ycvuZA=
golang.org/x/net v0.59.0 h1:5zfYln+w5XCxwrnMMJPufRgNoXEaGxl0wo5GqPXyues=
golang.org/x/net v0.59.0/go.mod h1:2DA/G1UfVbCpQPeWTmMPGY7Cs2PkBkwu743bVX5PIVg=
golang.org/x/sys v0.0.0-20190916202348-b4ddaad3f8a3/go.mod h1:h1NjWce9XRLGQEsW7wpKNCjG9DtNlClVuFLEZdDNbEs=
golang.org/x/sys v0.0.0-20201204225414-ed752295db88/go.mod h1:h1NjWce9XRLGQEsW7wpKNCjG9DtNlClVuFLEZdDNbEs=
golang.org/x/sys v0.1.0/go.mod h1:oPkhp1MJrh7nUepCBck5+mAzfO9JrbApNNgaTdGDITg=
golang.org/x/sys v0.48.0 h1:bbX/i/6MgT9BVLM9RT1thmxL04yeTAhbEz4SyadbXoo=
golang.org/x/sys v0.48.0/go.mod h1:hNLxWAXmnKAxqDtdwIYC4bM9oQPEecfsnNMuSxOs3og=
golang.org/x/text v0.42.0 h1:JbOZXgfeCPU9gacVtYliJqOhD+zhrEqK4LfdpmlUZqI=
golang.org/x/text v0.42.0/go.mod h1:ojzP1Z+2QtioaF8DTtO8K5q7JWVVYwZKenzujK0Zd0E=
golang.org/x/xerrors v0.0.0-20191204190536-9bdfabe68543/go.mod h1:I/5z698sn9Ka8TeJc9MKroUUfqBBauWjQqLJ2OPfmY0=
gonum.org/v1/gonum v0.17.0 h1:VbpOemQlsSMrYmn7T2OUvQ4dqxQXU+ouZFQsZOx50z4=
gonum.org/v1/gonum v0.17.0/go.mod h1:El3tOrEuMpv2UdMrbNlKEh9vd86bmQ6vqIcDwxEOc1E=
google.golang.org/genproto/googleapis/api v0.0.0-20260928230214-8a89bd6388cc h1:rZHRz0ogq4Pid1IKtA/ivHi8XONVF5tqUQXA2TtgpkE=
google.golang.org/genproto/googleapis/api v0.0.0-20260928230214-8a89bd6388cc/go.mod h1:K/n0XLazCJHjD73YuMyNJsN38BPPy1kfFnKxUXaThFU=
google.golang.org/genproto/googleapis/rpc v0.0.0-20260928230214-8a89bd6388cc h1:4bNTbnb44EqGVy9HaQxSY2jnafSUdgV3qHtedvNpDKg=
google.golang.org/genproto/googleapis/rpc v0.0.0-20260928230214-8a89bd6388cc/go.mod h1:OaIUM3+LpYcK2GXM4FTmhWoIq371Owdr+Cc7/BsYHHc=
google.golang.org/grpc v1.84.0 h1:soMyaPJ8pAak5PIQ0DGBUir0XRo2fRoMqhNWMLlLxO0=
google.golang.org/grpc v1.84.0/go.mod h1:ljCht0DrxQrXBDRTZp52Qxh3Ffk8CdYm2sj4O2QN2C0=
google.golang.org/protobuf v1.36.12 h1:pJOKDDOyeXErUroCihFAd5LQuwXBSpVnKGrj5o/fwxc=
google.golang.org/protobuf v1.36.12/go.mod h1:HTf+CrKn2C3g5S8VImy6tdcUvCska2kB7j23XfzDpco=
gopkg.in/yaml.v3 v3.0.1 h1:fxVm/GzAzEWqLHuvctI91KS9hhNmmWOoWu0XTYJS7CA=
gopkg.in/yaml.v3 v3.0.1/go.mod h1:K4uyk7z7BCEPqu6E+C64Yfv1cQ7kz7rIZviUmN+EgEM=
