github.com/cenkalti/backoff/v5 v5.0.2 h1:rIfFVxEf1QsI7E1ZHfp/B4DF/6QBAUhmgkxc0H7Zss8=
github.com/cenkalti/backoff/v5 v5.0.2/go.mod h1:rkhZdG3JZukswDf7f0cwqPNk4K0sa+F97BxZthm/crw=
github.com/davecgh/go-spew v1.1.0/go.mod h1:J7Y8YcW2NihsgmVo/mv3lAwl/skON4iLHjSsI+c5H38=
github.com/davecgh/go-spew v1.1.1 h1:vj9j/u1bqnvCEfJOwUhtlOARqs3+rkHYY13jYWTU97c=
github.com/davecgh/go-spew v1.1.1/go.mod h1:J7Y8YcW2NihsgmVo/mv3lAwl/skON4iLHjSsI+c5H38=
github.com/go-logr/logr v1.2.2/go.mod h1:jdQByPbusPIv2/zmleS9BjJVeZ6kBagPoEUsqbVz/1A=
github.com/go-logr/logr v1.4.3 h1:CjnDlHq8ikf6E492q6eKboGOC0T8CDaOvkHCIg8idEI=
github.com/go-logr/logr v1.4.3/go.mod h1:9T104GzyrTigFIr8wt5mBrctHMim0Nb2HLGrmQ40KvY=
github.com/go-logr/stdr v1.2.2 h1:hSWxHoqTgW2S2qGc0LTAI563KZ5YKYRhT3MFKZMbjag=
github.com/go-logr/stdr v1.2.2/go.mod h1:mMo/vtBO5dYbehREoey6XUKy/eSumjCCveDpRre4VKE=
github.com/go-viper/mapstructure/v2 v2.3.0 h1:27XbWsHIqhbdR5TIC911OfYvgSaW93HM+dX7970Q7jk=
github.com/go-viper/mapstructure/v2 v2.3.0/go.mod h1:oJDH3BJKyqBA2TXFhDsKDGDTlndYOZ6rGS0BRZIxGhM=
github.com/gobwas/glob v0.2.3 h1:A4xDbljILXROh+kObIiy5kIaPYD8e96x1tgBhUI5J+Y=
github.com/gobwas/glob v0.2.3/go.mod h1:d3Ez4x06l9bZtSvzIay5+Yzi0fmZzPgnTbPcKjJAkT8=
github.com/gogo/protobuf v1.3.2 h1:Ov1cvc58UF3b5XjBnZv7+opcTcQFZebYjWzi34vdm4Q=
github.com/gogo/protobuf v1.3.2/go.mod h1:P1XiOD3dCwIKUDQYPy72D8LYyHL2YPYrpS2s69NZV8Q=
github.com/golang/protobuf v1.5.4 h1:i7eJL8qZTpSEXOPTxNKhASYpMn+8e5Q6AdndVa1dWek=
github.com/golang/protobuf v1.5.4/go.mod h1:lnTiLA8Wa4RWRcIUkrtSVa5nRhsEGBg48fD6rSs7xps=
github.com/google/go-cmp v0.5.9/go.mod h1:17dUlkBOakJ0+DkrSSNjCkIjxS6bF9zb3elmeNGIjoY=
github.com/google/go-cmp v0.7.0 h1:wk8382ETsv4JYUZwIsn6YpYiWiBsYLSJiTsyBybVuN8=
github.com/google/go-cmp v0.7.0/go.mod h1:pXiqmnSA92OHEEa9HXL2W4E7lf9JzCmGVUdgjX3N/iU=
github.com/google/gofuzz v1.0.0/go.mod h1:dBl0BpW6vV/+mYPU4Po3pmUjxk6FQPldtuIdl/M65Eg=
github.com/google/uuid v1.6.0 h1:NIvaJDMOsjHA8n1jAhLSgzrAzy1Hgr+hNrb57e+94F0=
github.com/google/uuid v1.6.0/go.mod h1:TIyPZe4MgqvfeYDBFedMoGGpEw/LqOeaOT+nhxU+yHo=
github.com/hashicorp/go-version v1.7.0 h1:5tqGy27NaOTB8yJKUZELlFAS/LTKJkrmONwQKeRZfjY=
github.com/hashicorp/go-version v1.7.0/go.mod h1:fltr4n8CU8Ke44wwGCBoEymUuxUHl09ZGVZPK5anwXA=
github.com/json-iterator/go v1.1.12 h1:PV8peI4a0ysnczrg+LtxykD8LfKY9ML6u2jnxaEnrnM=
github.com/json-iterator/go v1.1.12/go.mod h1:e30LSqwooZae/UwlEbR2852Gd8hjQvJoHmT4TnhNGBo=
github.com/kisielk/errcheck v1.5.0/go.mod h1:pFxgyoBC7bSaBwPgfKdkLd5X25qrDl4LWUI2bnpBCr8=
github.com/kisielk/gotool v1.0.0/go.mod h1:XhKaO+MFFWcvkIS/tQcRk01m1F5IRFswLeQ+oQHNcck=
github.com/knadh/koanf/maps v0.1.2 h1:RBfmAW5CnZT+PJ1CVc1QSJKf4Xu9kxfQgYVQSu8hpbo=
github.com/knadh/koanf/maps v0.1.2/go.mod h1:npD/QZY3V6ghQDdcQzl1W4ICNVTkohC8E73eI2xW4yI=
github.com/knadh/koanf/providers/confmap v1.0.0 h1:mHKLJTE7iXEys6deO5p6olAiZdG5zwp8Aebir+/EaRE=
github.com/knadh/koanf/providers/confmap v1.0.0/go.mod h1:txHYHiI2hAtF0/0sCmcuol4IDcuQbKTybiB1nOcUo1A=
github.com/knadh/koanf/v2 v2.2.1 h1:jaleChtw85y3UdBnI0wCqcg1sj1gPoz6D3caGNHtrNE=
github.com/knadh/koanf/v2 v2.2.1/go.mod h1:PSFru3ufQgTsI7IF+95rf9s8XA1+aHxKuO/W+dPoHEY=
github.com/kr/pretty v0.3.1 h1:flRD4NNwYAUpkphVc1HcthR4KEIFJ65n8Mw5qdRn3LE=
github.com/kr/pretty v0.3.1/go.mod h1:hoEshYVHaxMs3cyo3Yncou5ZscifuDolrwPKZanG3xk=
github.com/kr/text v0.2.0 h1:5Nx0Ya0ZqY2ygV366QzturHI13Jq95ApcVaJBhpS+AY=
github.com/kr/text v0.2.0/go.mod h1:eLer722TekiGuMkidMxC/pM04lWEeraHUUmBw8l2grE=
github.com/mitchellh/copystructure v1.2.0 h1:vpKXTN4ewci03Vljg/q9QvCGUDttBOGBIa15WveJJGw=
github.com/mitchellh/copystructure v1.2.0/go.mod h1:qLl+cE2AmVv+CoeAwDPye/v+N2HKCj9FbZEVFJRxO9s=
github.com/mitchellh/reflectwalk v1.0.2 h1:G2LzWKi524PWgd3mLHV8Y5k7s6XUvT0Gef6zxSIeXaQ=
github.com/mitchellh/reflectwalk v1.0.2/go.mod h1:mSTlrgnPZtwu0c4WaC2kGObEpuNDbx0jmZXqmk4esnw=
github.com/modern-go/concurrent v0.0.0-20180228061459-e0a39a4cb421/go.mod h1:6dJC0mAP4ikYIbvyc7fijjWJddQyLn8Ig3JB5CqoB9Q=
github.com/modern-go/concurrent v0.0.0-20180306012644-bacd9c7ef1dd h1:TRLaZ9cD/w8PVh93nsPXa1VrQ6jlwL5oN8l14QlcNfg=
github.com/modern-go/concurrent v0.0.0-20180306012644-bacd9c7ef1dd/go.mod h1:6dJC0mAP4ikYIbvyc7fijjWJddQyLn8Ig3JB5CqoB9Q=
github.com/modern-go/reflect2 v1.0.2 h1:xBagoLtFs94CBntxluKeaWgTMpvLxC4ur3nMaC9Gz0M=
github.com/modern-go/reflect2 v1.0.2/go.mod h1:yWuevngMOJpCy52FWWMvUC8ws7m/LJsjYzDa0/r8luk=
github.com/pmezard/go-difflib v1.0.0 h1:4DBwDE0NGyQoBHbLQYPwSUPoCMWR5BEzIk/f1lZbAQM=
github.com/pmezard/go-difflib v1.0.0/go.mod h1:iKH77koFhYxTK1pcRnkKkqfTogsbg7gZNVY4sRDYZ/4=
github.com/rogpeppe/go-internal v1.13.1 h1:KvO1DLK/DRN07sQ1LQKScxyZJuNnedQ5/wKSR38lUII=
github.com/rogpeppe/go-internal v1.13.1/go.mod h1:uMEvuHeurkdAXX61udpOXGD/AzZDWNMNyH2VO9fmH0o=
github.com/stretchr/objx v0.1.0/go.mod h1:HFkY916IF+rwdDfMAkV7OtwuqBVzrE8GR6GFx+wExME=
github.com/stretchr/testify v1.3.0/go.mod h1:M5WIy9Dh21IEIfnGCwXGc5bZfKNJtfHm1UVUgZn+9EI=
github.com/stretchr/testify v1.10.0 h1:Xv5erBjTwe/5IxqUQTdXv5kgmIvbHo3QQyRwhJsOfJA=
github.com/stretchr/testify v1.10.0/go.mod h1:r2ic/lqez/lEtzL7wO/rwa5dbSLXVDPFyf8C91i36aY=
github.com/yuin/goldmark v1.1.27/go.mod h1:3hX8gzYuyVAZsxl0MRgGTJEmQBFcNTphYh9decYSb74=
github.com/yuin/goldmark v1.2.1/go.mod h1:3hX8gzYuyVAZsxl0MRgGTJEmQBFcNTphYh9decYSb74=
go.opentelemetry.io/auto/sdk v1.1.0 h1:cH53jehLUN6UFLY71z+NDOiNJqDdPRaXzTel0sJySYA=
go.opentelemetry.io/auto/sdk v1.1.0/go.mod h1:3wSPjt5PWp2RhlCcmmOial7AvC4DQqZb7a7wCow3W8A=
go.opentelemetry.io/collector/client v1.34.0 h1:u0s/veXnajFOuxgBCvASeEjl4KhjM3ZLcCtsrZowOJ4=
go.opentelemetry.io/collector/client v1.34.0/go.mod h1:lSm836uOWXKMZ9VlbevcwY6wLJEl7l9xqhEySNcmtL8=
go.opentelemetry.io/collector/component v1.34.0 h1:YONg7FaZ5zZbj5cLdARvwtMNuZHunuyxw2fWe5fcWqc=
go.opentelemetry.io/collector/component v1.34.0/go.mod h1:GvolsSVZskXuyfQdwYacqeBSZe/1tg4RJ0YK55KSvDA=
go.opentelemetry.io/collector/component/componenttest v0.128.0 h1:MGNh5lQQ0Qmz2SmNwOqLJYaWMDkMLYj/51wjMzTBR34=
go.opentelemetry.io/collector/component/componenttest v0.128.0/go.mod h1:hALNxcacqOaX/Gm/dE7sNOxAEFj41SbRqtvF57Yd6gs=
go.opentelemetry.io/collector/config/configretry v1.34.0 h1:ixezwJ2Y0pZiETbXq5lDmQfRDH7AKzaBjRsobxhcDl8=
go.opentelemetry.io/collector/config/configretry v1.34.0/go.mod h1:QNnb+MCk7aS1k2EuGJMtlNCltzD7b8uC7Xel0Dxm1wQ=
go.opentelemetry.io/collector/confmap v1.34.0 h1:PG4sYlLxgCMnA5F7daKXZV+NKjU1IzXBzVQeyvcwyh0=
go.opentelemetry.io/collector/confmap v1.34.0/go.mod h1:BbAit8+hAJg5vyFBQoDh9vOXOH8UzCdNu91jCh+b72E=
go.opentelemetry.io/collector/consumer v1.34.0 h1:oBhHH6mgViOGhVDPozE+sUdt7jFBo2Hh32lsSr2L3Tc=
go.opentelemetry.io/collector/consumer v1.34.0/go.mod h1:DVMCb56ZBlPNcmo0lSJKn3rp18oyZQCedRE4GKIMI+Q=
go.opentelemetry.io/collector/consumer/consumererror v0.128.0 h1:3htkWoHwXZ801ORmGeORdcMGqJHEbwdjaWhIj4LNbxw=
go.opentelemetry.io/collector/consumer/consumererror v0.128.0/go.mod h1:v3eUnvuIBSV2yBWiWoZELV1jki7HFMttWeBF311XIU0=
go.opentelemetry.io/collector/consumer/consumertest v0.128.0 h1:x50GB0I/QvU3sQuNCap5z/P2cnq2yHoRJ/8awkiT87w=
go.opentelemetry.io/collector/consumer/consumertest v0.128.0/go.mod h1:Wb3IAbMY/DOIwJPy81PuBiW2GnKoNIz4THE7wfJwovE=
go.opentelemetry.io/collector/consumer/xconsumer v0.128.0 h1:4E+KTdCjkRS3SIw0bsv5kpv9XFXHf8x9YiPEuxBVEHY=
go.opentelemetry.io/collector/consumer/xconsumer v0.128.0/go.mod h1:OmzilL/qbjCzPMHay+WEA7/cPe5xuX7Jbj5WPIpqaMo=
go.opentelemetry.io/collector/exporter v0.128.0 h1:pakG0S7pYNrsn6BekK+65lW3Nwk8+RSEfImJ4yRnm20=
go.opentelemetry.io/collector/exporter v0.128.0/go.mod h1:tm//SthYM/wi4ytmZi952E3TaL0pt3PUmEZrtTOszP4=
go.opentelemetry.io/collector/exporter/exportertest v0.128.0 h1:0fFdDuZZe5Fw4VvuzSSFx/WVoYZc9bQHJqds9IwA6O8=
go.opentelemetry.io/collector/exporter/exportertest v0.128.0/go.mod h1:yu7HDFG00f25I6EhvxHm9JmDZiuF6fyNwtqBhyjdFX8=
go.opentelemetry.io/collector/exporter/xexporter v0.128.0 h1:Dpa8J2ERD/qUjW993b9+g5K+zg1Nw6UaZg0GcuRJW/E=
go.opentelemetry.io/collector/exporter/xexporter v0.128.0/go.mod h1:fZF/9KkxT744S04YYzIZ5F/fo9l6i8Q5VHgLIi0UCWU=
go.opentelemetry.io/collector/extension v1.34.0 h1:mWJH1XKojCl1Y8htfk3LumyywjQPsG0Ay+7cZdPAfA8=
go.opentelemetry.io/collector/extension v1.34.0/go.mod h1:hIw5M0Ops3iHDORmPE9FnFFzNByth+YzFeUiW06cfpk=
go.opentelemetry.io/collector/extension/extensiontest v0.128.0 h1:ghvMDdP6EeXXyB4pFOzQL4jdtfSQ5uSDYVL2FMNREoI=
go.opentelemetry.io/collector/extension/extensiontest v0.128.0/go.mod h1:NKaPm41Tl23QZzHPLDItYP9GaVGeV9yE8GQzEpW2qhw=
go.opentelemetry.io/collector/extension/xextension v0.128.0 h1:4Hih4QiPsXz5RdFAaa57yanTTdkWNLHilq/XwAe/iuA=
go.opentelemetry.io/collector/extension/xextension v0.128.0/go.mod h1:9QQDN6M1ffx/+z6NKlnxAIBa2EBTAv//BpShkeWce1I=
go.opentelemetry.io/collector/featuregate v1.34.0 h1:zqDHpEYy1UeudrfUCvlcJL2t13dXywrC6lwpNZ5DrCU=
go.opentelemetry.io/collector/featuregate v1.34.0/go.mod h1:Y/KsHbvREENKvvN9RlpiWk/IGBK+CATBYzIIpU7nccc=
go.opentelemetry.io/collector/internal/telemetry v0.128.0 h1:ySEYWoY7J8DAYdlw2xlF0w+ODQi3AhYj7TRNflsCbx8=
go.opentelemetry.io/collector/internal/telemetry v0.128.0/go.mod h1:572B/iJqjauv3aT+zcwnlNWBPqM7+KqrYGSUuOAStrM=
go.opentelemetry.io/collector/pdata v1.34.0 h1:2vwYftckXe7pWxI9mfSo+tw3wqdGNrYpMbDx/5q6rw8=
go.opentelemetry.io/collector/pdata v1.34.0/go.mod h1:StPHMFkhLBellRWrULq0DNjv4znCDJZP6La4UuC+JHI=
go.opentelemetry.io/collector/pdata/pprofile v0.128.0 h1:6DEtzs/liqv/ukz2EHbC5OMaj2V6K2pzuj/LaRg2YmY=
go.opentelemetry.io/collector/pdata/pprofile v0.128.0/go.mod h1:bVVRpz+zKFf1UCCRUFqy8LvnO3tHlXKkdqW2d+Wi/iA=
go.opentelemetry.io/collector/pdata/testdata v0.128.0 h1:5xcsMtyzvb18AnS2skVtWreQP1nl6G3PiXaylKCZ6pA=
go.opentelemetry.io/collector/pdata/testdata v0.128.0/go.mod h1:9/VYVgzv3JMuIyo19KsT3FwkVyxbh3Eg5QlabQEUczA=
go.opentelemetry.io/collector/pipeline v0.128.0 h1:WgNXdFbyf/QRLy5XbO/jtPQosWrSWX/TEnSYpJq8bgI=
go.opentelemetry.io/collector/pipeline v0.128.0/go.mod h1:TO02zju/K6E+oFIOdi372Wk0MXd+Szy72zcTsFQwXl4=
go.opentelemetry.io/collector/receiver v1.34.0 h1:un6iRBXZBz1zacEmyfDCVDDaBY4GP3TQLwor894fywg=
go.opentelemetry.io/collector/receiver v1.34.0/go.mod h1:4J9xhbXJiI/rYlvlMTskXRGbwFeczJiCkW5R2YfTe88=
go.opentelemetry.io/collector/receiver/receivertest v0.128.0 h1:lIWzLAeo7EssZ9d1t6CJvCN2imoM4Fj+9HSbEZ54fBw=
go.opentelemetry.io/collector/receiver/receivertest v0.128.0/go.mod h1:1aX38R6cYe2nfw5rYW6dbHwjtUjs8z2MxrfHbXBddx8=
go.opentelemetry.io/collector/receiver/xreceiver v0.128.0 h1:1C5vlkyacvuGJkn5J78FpnuF3AlVYMmA0TGF3LPfcZI=
go.opentelemetry.io/collector/receiver/xreceiver v0.128.0/go.mod h1:kut2p3qChyX8K/qhsokae1vgLQAn53i2J5ddsvxJ81s=
go.opentelemetry.io/contrib/bridges/otelzap v0.11.0 h1:u2E32P7j1a/gRgZDWhIXC+Shd4rLg70mnE7QLI/Ssnw=
go.opentelemetry.io/contrib/bridges/otelzap v0.11.0/go.mod h1:pJPCLM8gzX4ASqLlyAXjHBEYxgbOQJ/9bidWxD6PEPQ=
go.opentelemetry.io/otel v1.36.0 h1:UumtzIklRBY6cI/lllNZlALOF5nNIzJVb16APdvgTXg=
go.opentelemetry.io/otel v1.36.0/go.mod h1:/TcFMXYjyRNh8khOAO9ybYkqaDBb/70aVwkNML4pP8E=
go.opentelemetry.io/otel/log v0.12.2 h1:yob9JVHn2ZY24byZeaXpTVoPS6l+UrrxmxmPKohXTwc=
go.opentelemetry.io/otel/log v0.12.2/go.mod h1:ShIItIxSYxufUMt+1H5a2wbckGli3/iCfuEbVZi/98E=
go.opentelemetry.io/otel/log/logtest v0.0.0-20250526142609-aa5bd0e64989 h1:4JF7oY9CcHrPGfBLijDcXZyCzGckVEyOjuat5ktmQRg=
go.opentelemetry.io/otel/log/logtest v0.0.0-20250526142609-aa5bd0e64989/go.mod h1:NToOxLDCS1tXDSB2dIj44H9xGPOpKr0csIN+gnuihv4=
go.opentelemetry.io/otel/metric v1.36.0 h1:MoWPKVhQvJ+eeXWHFBOPoBOi20jh6Iq2CcCREuTYufE=
go.opentelemetry.io/otel/metric v1.36.0/go.mod h1:zC7Ks+yeyJt4xig9DEw9kuUFe5C3zLbVjV2PzT6qzbs=
go.opentelemetry.io/otel/sdk v1.36.0 h1:b6SYIuLRs88ztox4EyrvRti80uXIFy+Sqzoh9kFULbs=
go.opentelemetry.io/otel/sdk v1.36.0/go.mod h1:+lC+mTgD+MUWfjJubi2vvXWcVxyr9rmlshZni72pXeY=
go.opentelemetry.io/otel/sdk/metric v1.36.0 h1:r0ntwwGosWGaa0CrSt8cuNuTcccMXERFwHX4dThiPis=
go.opentelemetry.io/otel/sdk/metric v1.36.0/go.mod h1:qTNOhFDfKRwX0yXOqJYegL5WRaW376QbB7P4Pb0qva4=
go.opentelemetry.io/otel/trace v1.36.0 h1:ahxWNuqZjpdiFAyrIoQ4GIiAIhxAunQR6MUoKrsNd4w=
go.opentelemetry.io/otel/trace v1.36.0/go.mod h1:gQ+OnDZzrybY4k4seLzPAWNwVBBVlF2szhehOBB/tGA=
go.uber.org/goleak v1.3.0 h1:2K3zAYmnTNqV73imy9J1T3WC+gmCePx2hEGkimedGto=
go.uber.org/goleak v1.3.0/go.mod h1:CoHD4mav9JJNrW/WLlf7HGZPjdw8EucARQHekz1X6bE=
go.uber.org/multierr v1.11.0 h1:blXXJkSxSSfBVBlC76pxqeO+LN3aDfLQo+309xJstO0=
go.uber.org/multierr v1.11.0/go.mod h1:20+QtiLqy0Nd6FdQB9TLXag12DsQkrbs3htMFfDN80Y=
go.uber.org/zap v1.27.0 h1:aJMhYGrd5QSmlpLMr2MftRKl7t8J8PTZPA732ud/XR8=
go.uber.org/zap v1.27.0/go.mod h1:GB2qFLM7cTU87MWRP2mPIjqfIDnGu+VIO4V/SdhGo2E=
golang.org/x/crypto v0.0.0-20190308221718-c2843e01d9a2/go.mod h1:djNgcEr1/C05ACkg1iLfiJU5Ep61QUkGW8qpdssI0+w=
golang.org/x/crypto v0.0.0-20191011191535-87dc89f01550/go.mod h1:yigFU9vqHzYiE8UmvKecakEJjdnWj3jj499lnFckfCI=
golang.org/x/crypto v0.0.0-20200622213623-75b288015ac9/go.mod h1:LzIPMQfyMNhhGPhUkYOs5KpL4U8rLKemX1yGLhDgUto=
golang.org/x/mod v0.2.0/go.mod h1:s0Qsj1ACt9ePp/hMypM3fl4fZqREWJwdYDEqhRiZZUA=
golang.org/x/mod v0.3.0/go.mod h1:s0Qsj1ACt9ePp/hMypM3fl4fZqREWJwdYDEqhRiZZUA=
golang.org/x/net v0.0.0-20190404232315-eb5bcb51f2a3/go.mod h1:t9HGtf8HONx5eT2rtn7q6eTqICYqUVnKs3thJo3Qplg=
golang.org/x/net v0.0.0-20190620200207-3b0461eec859/go.mod h1:z5CRVTTTmAJ677TzLLGU+0bjPO0LkuOLi4/5GtJWs/s=
golang.org/x/net v0.0.0-20200226121028-0de0cce0169b/go.mod h1:z5CRVTTTmAJ677TzLLGU+0bjPO0LkuOLi4/5GtJWs/s=
golang.org/x/net v0.0.0-20201021035429-f5854403a974/go.mod h1:sp8m0HH+o8qH0wwXwYZr8TS3Oi6o0r6Gce1SSxlDquU=
golang.org/x/net v0.41.0 h1:vBTly1HeNPEn3wtREYfy4GZ/NECgw2Cnl+nK6Nz3uvw=
golang.org/x/net v0.41.0/go.mod h1:B/K4NNqkfmg07DQYrbwvSluqCJOOXwUjeb/5lOisjbA=
golang.org/x/sync v0.0.0-20190423024810-112230192c58/go.mod h1:RxMgew5VJxzue5/jJTE5uejpjVlOe/izrB70Jof72aM=
golang.org/x/sync v0.0.0-20190911185100-cd5d95a43a6e/go.mod h1:RxMgew5VJxzue5/jJTE5uejpjVlOe/izrB70Jof72aM=
golang.org/x/sync v0.0.0-20201020160332-67f06af15bc9/go.mod h1:RxMgew5VJxzue5/jJTE5uejpjVlOe/izrB70Jof72aM=
golang.org/x/sys v0.0.0-20190215142949-d0b11bdaac8a/go.mod h1:STP8DvDyc/dI5b8T5hshtkjS+E42TnysNCUPdjciGhY=
golang.org/x/sys v0.0.0-20190412213103-97732733099d/go.mod h1:h1NjWce9XRLGQEsW7wpKNCjG9DtNlClVuFLEZdDNbEs=
golang.org/x/sys v0.0.0-20200930185726-fdedc70b468f/go.mod h1:h1NjWce9XRLGQEsW7wpKNCjG9DtNlClVuFLEZdDNbEs=
golang.org/x/sys v0.33.0 h1:q3i8TbbEz+JRD9ywIRlyRAQbM0qF7hu24q3teo2hbuw=
golang.org/x/sys v0.33.0/go.mod h1:BJP2sWEmIv4KK5OTEluFJCKSidICx8ciO85XgH3Ak8k=
golang.org/x/text v0.3.0/go.mod h1:NqM8EUOU14njkJ3fqMW+pc6Ldnwhi/IjpwHt7yyuwOQ=
golang.org/x/text v0.3.3/go.mod h1:5Zoc/QRtKVWzQhOtBMvqHzDpF6irO9z98xDceosuGiQ=
golang.org/x/text v0.26.0 h1:P42AVeLghgTYr4+xUnTRKDMqpar+PtX7KWuNQL21L8M=
golang.org/x/text v0.26.0/go.mod h1:QK15LZJUUQVJxhz7wXgxSy/CJaTFjd0G+YLonydOVQA=
golang.org/x/tools v0.0.0-20180917221912-90fa682c2a6e/go.mod h1:n7NCudcB/nEzxVGmLbDWY5pfWTLqBcC2KZ6jyYvM4mQ=
golang.org/x/tools v0.0.0-20191119224855-298f0cb1881e/go.mod h1:b+2E5dAYhXwXZwtnZ6UAqBI28+e2cm9otk0dWdXHAEo=
golang.org/x/tools v0.0.0-20200619180055-7c47624df98f/go.mod h1:EkVYQZoAsY45+roYkvgYkIh4xh/qjgUK9TdY2XT94GE=
golang.org/x/tools v0.0.0-20210106214847-113979e3529a/go.mod h1:emZCQorbCU4vsT4fOWvOPXz4eW1wZW4PmDk9uLelYpA=
golang.org/x/xerrors v0.0.0-20190717185122-a985d3407aa7/go.mod h1:I/5z698sn9Ka8TeJc9MKroUUfqBBauWjQqLJ2OPfmY0=
golang.org/x/xerrors v0.0.0-20191011141410-1b5146add898/go.mod h1:I/5z698sn9Ka8TeJc9MKroUUfqBBauWjQqLJ2OPfmY0=
golang.org/x/xerrors v0.0.0-20191204190536-9bdfabe68543/go.mod h1:I/5z698sn9Ka8TeJc9MKroUUfqBBauWjQqLJ2OPfmY0=
golang.org/x/xerrors v0.0.0-20200804184101-5ec99f83aff1/go.mod h1:I/5z698sn9Ka8TeJc9MKroUUfqBBauWjQqLJ2OPfmY0=
google.golang.org/genproto/googleapis/rpc v0.0.0-20250603155806-513f23925822 h1:fc6jSaCT0vBduLYZHYrBBNY4dsWuvgyff9noRNDdBeE=
google.golang.org/genproto/googleapis/rpc v0.0.0-20250603155806-513f23925822/go.mod h1:qQ0YXyHHx3XkvlzUtpXDkS29lDSafHMZBAZDc03LQ3A=
google.golang.org/grpc v1.73.0 h1:VIWSmpI2MegBtTuFt5/JWy2oXxtjJ/e89Z70ImfD2ok=
google.golang.org/grpc v1.73.0/go.mod h1:50sbHOUqWoCQGI8V2HQLJM0B+LMlIUjNSZmow7EVBQc=
google.golang.org/protobuf v1.36.6 h1:z1NpPI8ku2WgiWnf+t9wTPsn6eP1L7ksHUlkfLvd9xY=
google.golang.org/protobuf v1.36.6/go.mod h1:jduwjTPXsFjZGTmRluh+L6NjiWu7pchiJ2/5YcXBHnY=
gopkg.in/check.v1 v0.0.0-20161208181325-20d25e280405/go.mod h1:Co6ibVJAznAaIkqp8huTwlJQCZ016jof/cbN4VW5Yz0=
gopkg.in/check.v1 v1.0.0-20201130134442-10cb98267c6c h1:Hei/4ADfdWqJk1ZMxUNpqntNwaWcugrBjAiHlqqRiVk=
gopkg.in/check.v1 v1.0.0-20201130134442-10cb98267c6c/go.mod h1:JHkPIbrfpd72SG/EVd6muEfDQjcINNoR0C8j2r3qZ4Q=
gopkg.in/yaml.v3 v3.0.1 h1:fxVm/GzAzEWqLHuvctI91KS9hhNmmWOoWu0XTYJS7CA=
gopkg.in/yaml.v3 v3.0.1/go.mod h1:K4uyk7z7BCEPqu6E+C64Yfv1cQ7kz7rIZviUmN+EgEM=
sigs.k8s.io/yaml v1.4.0 h1:Mk1wCc2gy/F0THH0TAp1QYyJNzRm2KCLy3o5ASXVI5E=
sigs.k8s.io/yaml v1.4.0/go.mod h1:Ejl7/uTz7PSA4eKMyQCUTnhZYNmLIl+5c2lQPGR2BPY=
