github.com/cenkalti/backoff/v5 v5.0.2 h1:rIfFVxEf1QsI7E1ZHfp/B4DF/6QBAUhmgkxc0H7Zss8=
github.com/cenkalti/backoff/v5 v5.0.2/go.mod h1:rkhZdG3JZukswDf7f0cwqPNk4K0sa+F97BxZthm/crw=
github.com/davecgh/go-spew v1.1.0/go.mod h1:J7Y8YcW2NihsgmVo/mv3lAwl/skON4iLHjSsI+c5H38=
github.com/davecgh/go-spew v1.1.1 h1:vj9j/u1bqnvCEfJOwUhtlOARqs3+rkHYY13jYWTU97c=
github.com/davecgh/go-spew v1.1.1/go.mod h1:J7Y8YcW2NihsgmVo/mv3lAwl/skON4iLHjSsI+c5H38=
github.com/go-logr/logr v1.2.2/go.mod h1:jdQByPbusPIv2/zmleS9BjJVeZ6kBagPoEUsqbVz/1A=
github.com/go-logr/logr v1.4.3 h1:CjnDlHq8ikf6E492q6eKboGOC0T8CDaOvkHCIg8idEI=
github.com/go-logr/logr v1.4.3/go.mod h1:9T104GzyrTigFIr8wt5mBrctHMim0Nb2HLGrmQ40KvY=
github.com/go-logr/stdr v1.2.2 h1:hSWxHoqTgW2S2qGc0LTAI563KZ5YKYRhT3MFKZMbjag=
github.com/go-logr/stdr v1.2.2/go.mod h1:mMo/vtBO5dYbehREoey6XUKy/eSumjCCveDpRre4VKE=
github.com/go-viper/mapstructure/v2 v2.4.0 h1:EBsztssimR/CONLSZZ04E8qAkxNYq4Qp9LvH92wZUgs=
github.com/go-viper/mapstructure/v2 v2.4.0/go.mod h1:oJDH3BJKyqBA2TXFhDsKDGDTlndYOZ6rGS0BRZIxGhM=
github.com/gobwas/glob v0.2.3 h1:A4xDbljILXROh+kObIiy5kIaPYD8e96x1tgBhUI5J+Y=
github.com/gobwas/glob v0.2.3/go.mod h1:d3Ez4x06l9bZtSvzIay5+Yzi0fmZzPgnTbPcKjJAkT8=
github.com/gogo/protobuf v1.3.2 h1:Ov1cvc58UF3b5XjBnZv7+opcTcQFZebYjWzi34vdm4Q=
github.com/gogo/protobuf v1.3.2/go.mod h1:P1XiOD3dCwIKUDQYPy72D8LYyHL2YPYrpS2s69NZV8Q=
github.com/golang/protobuf v1.5.4 h1:i7eJL8qZTpSEXOPTxNKhASYpMn+8e5Q6AdndVa1dWek=
github.com/golang/protobuf v1.5.4/go.mod h1:lnTiLA8Wa4RWRcIUkrtSVa5nRhsEGBg48fD6rSs7xps=
github.com/google/go-cmp v0.7.0 h1:wk8382ETsv4JYUZwIsn6YpYiWiBsYLSJiTsyBybVuN8=
github.com/google/go-cmp v0.7.0/go.mod h1:pXiqmnSA92OHEEa9HXL2W4E7lf9JzCmGVUdgjX3N/iU=
github.com/google/gofuzz v1.0.0/go.mod h1:dBl0BpW6vV/+mYPU4Po3pmUjxk6FQPldtuIdl/M65Eg=
github.com/google/uuid v1.6.0 h1:NIvaJDMOsjHA8n1jAhLSgzrAzy1Hgr+hNrb57e+94F0=
github.com/google/uuid v1.6.0/go.mod h1:TIyPZe4MgqvfeYDBFedMoGGpEw/LqOeaOT+nhxU+yHo=
github.com/hashicorp/go-version v1.7.0 h1:5tqGy27NaOTB8yJKUZELlFAS/LTKJkrmONwQKeRZfjY=
github.com/hashicorp/go-version v1.7.0/go.mod h1:fltr4n8CU8Ke44wwGCBoEymUuxUHl09ZGVZPK5anwXA=
github.com/json-iterator/go v1.1.12 h1:PV8peI4a0ysnczrg+LtxykD8LfKY9ML6u2jnxaEnrnM=
github.com/json-iterator/go v1.1.12/go.mod h1:e30LSqwooZae/UwlEbR2852Gd8hjQvJoHmT4TnhNGBo=
github.com/kisielk/errcheck v1.5.0/go.mod h1:pFxgyoBC7bSaBwPgfKdkLd5X25qrDl4LWUI2bnpBCr8=
github.com/kisielk/gotool v1.0.0/go.mod h1:XhKaO+MFFWcvkIS/tQcRk01m1F5IRFswLeQ+oQHNcck=
github.com/knadh/koanf/maps v0.1.2 h1:RBfmAW5CnZT+PJ1CVc1QSJKf4Xu9kxfQgYVQSu8hpbo=
github.com/knadh/koanf/maps v0.1.2/go.mod h1:npD/QZY3V6ghQDdcQzl1W4ICNVTkohC8E73eI2xW4yI=
github.com/knadh/koanf/providers/confmap v1.0.0 h1:mHKLJTE7iXEys6deO5p6olAiZdG5zwp8Aebir+/EaRE=
github.com/knadh/koanf/providers/confmap v1.0.0/go.mod h1:txHYHiI2hAtF0/0sCmcuol4IDcuQbKTybiB1nOcUo1A=
github.com/knadh/koanf/v2 v2.2.2 h1:ghbduIkpFui3L587wavneC9e3WIliCgiCgdxYO/wd7A=
github.com/knadh/koanf/v2 v2.2.2/go.mod h1:abWQc0cBXLSF/PSOMCB/SK+T13NXDsPvOksbpi5e/9Q=
github.com/kr/pretty v0.3.1 h1:flRD4NNwYAUpkphVc1HcthR4KEIFJ65n8Mw5qdRn3LE=
github.com/kr/pretty v0.3.1/go.mod h1:hoEshYVHaxMs3cyo3Yncou5ZscifuDolrwPKZanG3xk=
github.com/kr/text v0.2.0 h1:5Nx0Ya0ZqY2ygV366QzturHI13Jq95ApcVaJBhpS+AY=
github.com/kr/text v0.2.0/go.mod h1:eLer722TekiGuMkidMxC/pM04lWEeraHUUmBw8l2grE=
github.com/mitchellh/copystructure v1.2.0 h1:vpKXTN4ewci03Vljg/q9QvCGUDttBOGBIa15WveJJGw=
github.com/mitchellh/copystructure v1.2.0/go.mod h1:qLl+cE2AmVv+CoeAwDPye/v+N2HKCj9FbZEVFJRxO9s=
github.com/mitchellh/reflectwalk v1.0.2 h1:G2LzWKi524PWgd3mLHV8Y5k7s6XUvT0Gef6zxSIeXaQ=
github.com/mitchellh/reflectwalk v1.0.2/go.mod h1:mSTlrgnPZtwu0c4WaC2kGObEpuNDbx0jmZXqmk4esnw=
github.com/modern-go/concurrent v0.0.0-20180228061459-e0a39a4cb421/go.mod h1:6dJC0mAP4ikYIbvyc7fijjWJddQyLn8Ig3JB5CqoB9Q=
github.com/modern-go/concurrent v0.0.0-20180306012644-bacd9c7ef1dd h1:TRLaZ9cD/w8PVh93nsPXa1VrQ6jlwL5oN8l14QlcNfg=
github.com/modern-go/concurrent v0.0.0-20180306012644-bacd9c7ef1dd/go.mod h1:6dJC0mAP4ikYIbvyc7fijjWJddQyLn8Ig3JB5CqoB9Q=
github.com/modern-go/reflect2 v1.0.2 h1:xBagoLtFs94CBntxluKeaWgTMpvLxC4ur3nMaC9Gz0M=
github.com/modern-go/reflect2 v1.0.2/go.mod h1:yWuevngMOJpCy52FWWMvUC8ws7m/LJsjYzDa0/r8luk=
github.com/pmezard/go-difflib v1.0.0 h1:4DBwDE0NGyQoBHbLQYPwSUPoCMWR5BEzIk/f1lZbAQM=
github.com/pmezard/go-difflib v1.0.0/go.mod h1:iKH77koFhYxTK1pcRnkKkqfTogsbg7gZNVY4sRDYZ/4=
github.com/rogpeppe/go-internal v1.13.1 h1:KvO1DLK/DRN07sQ1LQKScxyZJuNnedQ5/wKSR38lUII=
github.com/rogpeppe/go-internal v1.13.1/go.mod h1:uMEvuHeurkdAXX61udpOXGD/AzZDWNMNyH2VO9fmH0o=
github.com/stretchr/objx v0.1.0/go.mod h1:HFkY916IF+rwdDfMAkV7OtwuqBVzrE8GR6GFx+wExME=
github.com/stretchr/testify v1.3.0/go.mod h1:M5WIy9Dh21IEIfnGCwXGc5bZfKNJtfHm1UVUgZn+9EI=
github.com/stretchr/testify v1.10.0 h1:Xv5erBjTwe/5IxqUQTdXv5kgmIvbHo3QQyRwhJsOfJA=
github.com/stretchr/testify v1.10.0/go.mod h1:r2ic/lqez/lEtzL7wO/rwa5dbSLXVDPFyf8C91i36aY=
github.com/yuin/goldmark v1.1.27/go.mod h1:3hX8gzYuyVAZsxl0MRgGTJEmQBFcNTphYh9decYSb74=
github.com/yuin/goldmark v1.2.1/go.mod h1:3hX8gzYuyVAZsxl0MRgGTJEmQBFcNTphYh9decYSb74=
go.opentelemetry.io/auto/sdk v1.1.0 h1:cH53jehLUN6UFLY71z+NDOiNJqDdPRaXzTel0sJySYA=
go.opentelemetry.io/auto/sdk v1.1.0/go.mod h1:3wSPjt5PWp2RhlCcmmOial7AvC4DQqZb7a7wCow3W8A=
go.opentelemetry.io/collector/client v1.36.0 h1:Hf1efpqzUJLz7aXSKIKhsGGNjsQ7fwdoQpd3NgGZeKM=
go.opentelemetry.io/collector/client v1.36.0/go.mod h1:9CIj0lMuOIizyhwoK96+sTdrrzBYfoPA2boBZS8vEN4=
go.opentelemetry.io/collector/component v1.36.0 h1:otxzkZrnkxxVrMKzxOQH8zOE+ZLJ5fdK2/zgd4Srxgc=
go.opentelemetry.io/collector/component v1.36.0/go.mod h1:fFcw3K1tXMf6PEIapPKcHAV+9/lMz4dcma6x9BjfVLc=
go.opentelemetry.io/collector/component/componenttest v0.130.0 h1:ptRTZvuMNpzT70o0+OQxkDclsFUwJaeEgU7TtD5YtWs=
go.opentelemetry.io/collector/component/componenttest v0.130.0/go.mod h1:Y3nIkIqECWbWDF6DkpY+c//98AH1lh31/8OD8ljOnmk=
go.opentelemetry.io/collector/config/configoptional v0.130.0 h1:Lhfn74V5MfVLHPtF37mpWAxM5QPRbsshI8/SFlnGkOo=
go.opentelemetry.io/collector/config/configoptional v0.130.0/go.mod h1:S2Tbblr65/CFacrEjDHZd4+FBN+ceON3e7bDfFRdvPU=
go.opentelemetry.io/collector/config/configretry v1.36.0 h1:IYcgifu5lhKU9xJQBvK1NYn2uWOAom5eX16Ne4iG1Gc=
go.opentelemetry.io/collector/config/configretry v1.36.0/go.mod h1:QNnb+MCk7aS1k2EuGJMtlNCltzD7b8uC7Xel0Dxm1wQ=
go.opentelemetry.io/collector/confmap v1.36.0 h1:LrUUklsOvZTt333Wj8Mz9O9d5Qe2sFQjKt6MPnKUmOs=
go.opentelemetry.io/collector/confmap v1.36.0/go.mod h1:JHdEV7t379ocHp1YyNCFj8CqKYFYnT6/H458Ayx27uo=
go.opentelemetry.io/collector/consumer v1.36.0 h1:TzdIY+fo2ha5XI819n/YJrpGOVMc0oIgKMlzHsC2lY8=
go.opentelemetry.io/collector/consumer v1.36.0/go.mod h1:Br5NrQUHSAhY9Zk0BwaOwq7wAuNxG/ypxB4V1vGOF84=
go.opentelemetry.io/collector/consumer/consumererror v0.130.0 h1:MZp6nilWqKVHqZ//HJRGt6wJ5zgtxU1XJ/9jf45CcuE=
go.opentelemetry.io/collector/consumer/consumererror v0.130.0/go.mod h1:Iet/6i9TOWzyW+uDNDsjfAdWFTKyRH5lespGepOGvvc=
go.opentelemetry.io/collector/consumer/consumertest v0.130.0 h1:Vk69HJ/SjTwpGHk+jddMxmVk/SOah8oolAAUXgYRHCc=
go.opentelemetry.io/collector/consumer/consumertest v0.130.0/go.mod h1:0VuaVYSXzzSn2zg3U0vw6qXEegmryyAKBeujTSXBQfU=
go.opentelemetry.io/collector/consumer/xconsumer v0.130.0 h1:Mc+xoW5IpdOZCX4T7WZwc6R/HqF8utoJioj3btTVpCU=
go.opentelemetry.io/collector/consumer/xconsumer v0.130.0/go.mod h1:zEvGS3hulrM8HGIjGVdTIbhcsISuOZWLMimrh7bEJI4=
go.opentelemetry.io/collector/exporter v0.130.0 h1:zzqIvVEwgaEJwAJgfoROLQ2ic0cNOPYEirsr8jyvHgo=
go.opentelemetry.io/collector/exporter v0.130.0/go.mod h1:jCiEZcn0Y/AaZ2Ijviw/VEjh4NFFbT7LCC/L3KTTObQ=
go.opentelemetry.io/collector/exporter/exportertest v0.130.0 h1:jpNphKKgrqLhshTIyJ5YFDiU634LXUxkyQU3xgyxWmM=
go.opentelemetry.io/collector/exporter/exportertest v0.130.0/go.mod h1:sRqbD3ru1/7yAVDdltkkS9tT+43oCxsr5RA/ckgRwWM=
go.opentelemetry.io/collector/exporter/xexporter v0.130.0 h1:5grMHFs5R0kFmmAZTdU8wNRmZtdxz3Ib+XDwk5c8Bc8=
go.opentelemetry.io/collector/exporter/xexporter v0.130.0/go.mod h1:MsVXQiFLiXYbkZ9znffNyyYlsDNYjRIKnNCnNEwr5YY=
go.opentelemetry.io/collector/extension v1.36.0 h1:eqqxFzIBqR3uT/I+R+MDE1s9bp7ggMdHiNrQCaFq1zU=
go.opentelemetry.io/collector/extension v1.36.0/go.mod h1:BlXRpIYNebHfrKmFzjkHaApgPGhgl/458z5uAV9G8Xc=
go.opentelemetry.io/collector/extension/extensiontest v0.130.0 h1:J1yQTXZNTSmmS/Q4fXiiX+F3g3qjBa+KaZ+7wt+2FIM=
go.opentelemetry.io/collector/extension/extensiontest v0.130.0/go.mod h1:JH1JjxhE9WGWa/Oi1W0dtjbgx8QoX4+hdSnGa+7S/nQ=
go.opentelemetry.io/collector/extension/xextension v0.130.0 h1:fdJ9IdMJKEZV5YI8iERWPjYMKza6lm5qp3qeAfDpDTA=
go.opentelemetry.io/collector/extension/xextension v0.130.0/go.mod h1:QIhNc19B10ysfWJcfGK0QG+DKc3ks5M1bvzGENb+lsI=
go.opentelemetry.io/collector/featuregate v1.36.0 h1:rK5a4C05RuvGCvlWRFU35Zb/4V6eTNWUNTZv2mhi4bs=
go.opentelemetry.io/collector/featuregate v1.36.0/go.mod h1:Y/KsHbvREENKvvN9RlpiWk/IGBK+CATBYzIIpU7nccc=
go.opentelemetry.io/collector/internal/telemetry v0.130.0 h1:w3yrCfoHA29qm6NlQnxw8LIPyg09nCzHWjx3xF+S9aI=
go.opentelemetry.io/collector/internal/telemetry v0.130.0/go.mod h1:Yf6I/iw4EPWw+W6YRMKXU1QzVVMM7j0wUPjipfKuMLE=
go.opentelemetry.io/collector/pdata v1.36.0 h1:jg7s08dKxWaA/o5NHiFW7Hjyxp1n4xEOMQpoCztiyJk=
go.opentelemetry.io/collector/pdata v1.36.0/go.mod h1:pttpb089864qG1k0DMeXLgwwTFLk+o3fAW9I6MF9tzw=
go.opentelemetry.io/collector/pdata/pprofile v0.130.0 h1:2iSFVJlrZ5sVEvb3hvSyG5QJlW0jz1MDox4/B5BNQfU=
go.opentelemetry.io/collector/pdata/pprofile v0.130.0/go.mod h1:HB7W9u+Wn4+2U9hPXK/0Mqzu/gaxFbwln59fM0Tkcb0=
go.opentelemetry.io/collector/pdata/testdata v0.130.0 h1:AwHz3z+rWzRbh720KjMxprnB7WSe6CBE4IizuhRKD50=
go.opentelemetry.io/collector/pdata/testdata v0.130.0/go.mod h1:QYqBQJq0duCalwvPr8rSe3vC6sXAMbNtsC4166Gx208=
go.opentelemetry.io/collector/pdata/xpdata v0.130.0 h1:L9O8STSRUOBExpAOolIr8UM7RZ2z+MmTZ1ssGIRXvsc=
go.opentelemetry.io/collector/pdata/xpdata v0.130.0/go.mod h1:5MYQcz1M6jsbpHG6IprjLroTmmgN435AYByr8zosclU=
go.opentelemetry.io/collector/pipeline v0.130.0 h1:vl4IeMZuPGZg7lSk9ewoNLFl2Wk8t5ld3pYL0T6pKUE=
go.opentelemetry.io/collector/pipeline v0.130.0/go.mod h1:TO02zju/K6E+oFIOdi372Wk0MXd+Szy72zcTsFQwXl4=
go.opentelemetry.io/collector/receiver v1.36.0 h1:GrNTwRRxXRDY97xXKYsc5VuYh8PjzCsEbA3WC51BhxI=
go.opentelemetry.io/collector/receiver v1.36.0/go.mod h1:qZmxT9G9styht+ZNVozZ9+uYKLse4Mi7PRTDpta2g40=
go.opentelemetry.io/collector/receiver/receivertest v0.130.0 h1:zq0EIa8qnACqm8r4rIcVksVEj9VvR/5dR60xMAT9U+4=
go.opentelemetry.io/collector/receiver/receivertest v0.130.0/go.mod h1:P788FLF5cfr+bq8Lln2+VBdJVn+ctLggvYgddzyolmM=
go.opentelemetry.io/collector/receiver/xreceiver v0.130.0 h1:78aQBiCGqAIqSt7Y6cIBXoJ7Omr1cV4w0Bg0wAA/qZc=
go.opentelemetry.io/collector/receiver/xreceiver v0.130.0/go.mod h1:sSz9SMOWtODP/yrg3198Sel6S7RliuDARRD1Uk99pZI=
go.opentelemetry.io/contrib/bridges/otelzap v0.12.0 h1:FGre0nZh5BSw7G73VpT3xs38HchsfPsa2aZtMp0NPOs=
go.opentelemetry.io/contrib/bridges/otelzap v0.12.0/go.mod h1:X2PYPViI2wTPIMIOBjG17KNybTzsrATnvPJ02kkz7LM=
go.opentelemetry.io/otel v1.37.0 h1:9zhNfelUvx0KBfu/gb+ZgeAfAgtWrfHJZcAqFC228wQ=
go.opentelemetry.io/otel v1.37.0/go.mod h1:ehE/umFRLnuLa/vSccNq9oS1ErUlkkK71gMcN34UG8I=
go.opentelemetry.io/otel/log v0.13.0 h1:yoxRoIZcohB6Xf0lNv9QIyCzQvrtGZklVbdCoyb7dls=
go.opentelemetry.io/otel/log v0.13.0/go.mod h1:INKfG4k1O9CL25BaM1qLe0zIedOpvlS5Z7XgSbmN83E=
go.opentelemetry.io/otel/log/logtest v0.13.0 h1:xxaIcgoEEtnwdgj6D6Uo9K/Dynz9jqIxSDu2YObJ69Q=
go.opentelemetry.io/otel/log/logtest v0.13.0/go.mod h1:+OrkmsAH38b+ygyag1tLjSFMYiES5UHggzrtY1IIEA8=
go.opentelemetry.io/otel/metric v1.37.0 h1:mvwbQS5m0tbmqML4NqK+e3aDiO02vsf/WgbsdpcPoZE=
go.opentelemetry.io/otel/metric v1.37.0/go.mod h1:04wGrZurHYKOc+RKeye86GwKiTb9FKm1WHtO+4EVr2E=
go.opentelemetry.io/otel/sdk v1.37.0 h1:ItB0QUqnjesGRvNcmAcU0LyvkVyGJ2xftD29bWdDvKI=
go.opentelemetry.io/otel/sdk v1.37.0/go.mod h1:VredYzxUvuo2q3WRcDnKDjbdvmO0sCzOvVAiY+yUkAg=
go.opentelemetry.io/otel/sdk/metric v1.37.0 h1:90lI228XrB9jCMuSdA0673aubgRobVZFhbjxHHspCPc=
go.opentelemetry.io/otel/sdk/metric v1.37.0/go.mod h1:cNen4ZWfiD37l5NhS+Keb5RXVWZWpRE+9WyVCpbo5ps=
go.opentelemetry.io/otel/trace v1.37.0 h1:HLdcFNbRQBE2imdSEgm/kwqmQj1Or1l/7bW6mxVK7z4=
go.opentelemetry.io/otel/trace v1.37.0/go.mod h1:TlgrlQ+PtQO5XFerSPUYG0JSgGyryXewPGyayAWSBS0=
go.uber.org/goleak v1.3.0 h1:2K3zAYmnTNqV73imy9J1T3WC+gmCePx2hEGkimedGto=
go.uber.org/goleak v1.3.0/go.mod h1:CoHD4mav9JJNrW/WLlf7HGZPjdw8EucARQHekz1X6bE=
go.uber.org/multierr v1.11.0 h1:blXXJkSxSSfBVBlC76pxqeO+LN3aDfLQo+309xJstO0=
go.uber.org/multierr v1.11.0/go.mod h1:20+QtiLqy0Nd6FdQB9TLXag12DsQkrbs3htMFfDN80Y=
go.uber.org/zap v1.27.0 h1:aJMhYGrd5QSmlpLMr2MftRKl7t8J8PTZPA732ud/XR8=
go.uber.org/zap v1.27.0/go.mod h1:GB2qFLM7cTU87MWRP2mPIjqfIDnGu+VIO4V/SdhGo2E=
go.yaml.in/yaml/v3 v3.0.4 h1:tfq32ie2Jv2UxXFdLJdh3jXuOzWiL1fo0bu/FbuKpbc=
go.yaml.in/yaml/v3 v3.0.4/go.mod h1:DhzuOOF2ATzADvBadXxruRBLzYTpT36CKvDb3+aBEFg=
golang.org/x/crypto v0.0.0-20190308221718-c2843e01d9a2/go.mod h1:djNgcEr1/C05ACkg1iLfiJU5Ep61QUkGW8qpdssI0+w=
golang.org/x/crypto v0.0.0-20191011191535-87dc89f01550/go.mod h1:yigFU9vqHzYiE8UmvKecakEJjdnWj3jj499lnFckfCI=
golang.org/x/crypto v0.0.0-20200622213623-75b288015ac9/go.mod h1:LzIPMQfyMNhhGPhUkYOs5KpL4U8rLKemX1yGLhDgUto=
golang.org/x/mod v0.2.0/go.mod h1:s0Qsj1ACt9ePp/hMypM3fl4fZqREWJwdYDEqhRiZZUA=
golang.org/x/mod v0.3.0/go.mod h1:s0Qsj1ACt9ePp/hMypM3fl4fZqREWJwdYDEqhRiZZUA=
golang.org/x/net v0.0.0-20190404232315-eb5bcb51f2a3/go.mod h1:t9HGtf8HONx5eT2rtn7q6eTqICYqUVnKs3thJo3Qplg=
golang.org/x/net v0.0.0-20190620200207-3b0461eec859/go.mod h1:z5CRVTTTmAJ677TzLLGU+0bjPO0LkuOLi4/5GtJWs/s=
golang.org/x/net v0.0.0-20200226121028-0de0cce0169b/go.mod h1:z5CRVTTTmAJ677TzLLGU+0bjPO0LkuOLi4/5GtJWs/s=
golang.org/x/net v0.0.0-20201021035429-f5854403a974/go.mod h1:sp8m0HH+o8qH0wwXwYZr8TS3Oi6o0r6Gce1SSxlDquU=
golang.org/x/net v0.42.0 h1:jzkYrhi3YQWD6MLBJcsklgQsoAcw89EcZbJw8Z614hs=
golang.org/x/net v0.42.0/go.mod h1:FF1RA5d3u7nAYA4z2TkclSCKh68eSXtiFwcWQpPXdt8=
golang.org/x/sync v0.0.0-20190423024810-112230192c58/go.mod h1:RxMgew5VJxzue5/jJTE5uejpjVlOe/izrB70Jof72aM=
golang.org/x/sync v0.0.0-20190911185100-cd5d95a43a6e/go.mod h1:RxMgew5VJxzue5/jJTE5uejpjVlOe/izrB70Jof72aM=
golang.org/x/sync v0.0.0-20201020160332-67f06af15bc9/go.mod h1:RxMgew5VJxzue5/jJTE5uejpjVlOe/izrB70Jof72aM=
golang.org/x/sys v0.0.0-20190215142949-d0b11bdaac8a/go.mod h1:STP8DvDyc/dI5b8T5hshtkjS+E42TnysNCUPdjciGhY=
golang.org/x/sys v0.0.0-20190412213103-97732733099d/go.mod h1:h1NjWce9XRLGQEsW7wpKNCjG9DtNlClVuFLEZdDNbEs=
golang.org/x/sys v0.0.0-20200930185726-fdedc70b468f/go.mod h1:h1NjWce9XRLGQEsW7wpKNCjG9DtNlClVuFLEZdDNbEs=
golang.org/x/sys v0.34.0 h1:H5Y5sJ2L2JRdyv7ROF1he/lPdvFsd0mJHFw2ThKHxLA=
golang.org/x/sys v0.34.0/go.mod h1:BJP2sWEmIv4KK5OTEluFJCKSidICx8ciO85XgH3Ak8k=
golang.org/x/text v0.3.0/go.mod h1:NqM8EUOU14njkJ3fqMW+pc6Ldnwhi/IjpwHt7yyuwOQ=
golang.org/x/text v0.3.3/go.mod h1:5Zoc/QRtKVWzQhOtBMvqHzDpF6irO9z98xDceosuGiQ=
golang.org/x/text v0.27.0 h1:4fGWRpyh641NLlecmyl4LOe6yDdfaYNrGb2zdfo4JV4=
golang.org/x/text v0.27.0/go.mod h1:1D28KMCvyooCX9hBiosv5Tz/+YLxj0j7XhWjpSUF7CU=
golang.org/x/tools v0.0.0-20180917221912-90fa682c2a6e/go.mod h1:n7NCudcB/nEzxVGmLbDWY5pfWTLqBcC2KZ6jyYvM4mQ=
golang.org/x/tools v0.0.0-20191119224855-298f0cb1881e/go.mod h1:b+2E5dAYhXwXZwtnZ6UAqBI28+e2cm9otk0dWdXHAEo=
golang.org/x/tools v0.0.0-20200619180055-7c47624df98f/go.mod h1:EkVYQZoAsY45+roYkvgYkIh4xh/qjgUK9TdY2XT94GE=
golang.org/x/tools v0.0.0-20210106214847-113979e3529a/go.mod h1:emZCQorbCU4vsT4fOWvOPXz4eW1wZW4PmDk9uLelYpA=
golang.org/x/xerrors v0.0.0-20190717185122-a985d3407aa7/go.mod h1:I/5z698sn9Ka8TeJc9MKroUUfqBBauWjQqLJ2OPfmY0=
golang.org/x/xerrors v0.0.0-20191011141410-1b5146add898/go.mod h1:I/5z698sn9Ka8TeJc9MKroUUfqBBauWjQqLJ2OPfmY0=
golang.org/x/xerrors v0.0.0-20191204190536-9bdfabe68543/go.mod h1:I/5z698sn9Ka8TeJc9MKroUUfqBBauWjQqLJ2OPfmY0=
golang.org/x/xerrors v0.0.0-20200804184101-5ec99f83aff1/go.mod h1:I/5z698sn9Ka8TeJc9MKroUUfqBBauWjQqLJ2OPfmY0=
google.golang.org/genproto/googleapis/rpc v0.0.0-20250715232539-7130f93afb79 h1:1ZwqphdOdWYXsUHgMpU/101nCtf/kSp9hOrcvFsnl10=
google.golang.org/genproto/googleapis/rpc v0.0.0-20250715232539-7130f93afb79/go.mod h1:qQ0YXyHHx3XkvlzUtpXDkS29lDSafHMZBAZDc03LQ3A=
google.golang.org/grpc v1.74.0 h1:sxRSkyLxlceWQiqDofxDot3d4u7DyoHPc7SBXMj8gGY=
google.golang.org/grpc v1.74.0/go.mod h1:NZUaK8dAMUfzhK6uxZ+9511LtOrk73UGWOFoNvz7z+s=
google.golang.org/protobuf v1.36.6 h1:z1NpPI8ku2WgiWnf+t9wTPsn6eP1L7ksHUlkfLvd9xY=
google.golang.org/protobuf v1.36.6/go.mod h1:jduwjTPXsFjZGTmRluh+L6NjiWu7pchiJ2/5YcXBHnY=
gopkg.in/check.v1 v0.0.0-20161208181325-20d25e280405/go.mod h1:Co6ibVJAznAaIkqp8huTwlJQCZ016jof/cbN4VW5Yz0=
gopkg.in/check.v1 v1.0.0-20201130134442-10cb98267c6c h1:Hei/4ADfdWqJk1ZMxUNpqntNwaWcugrBjAiHlqqRiVk=
gopkg.in/check.v1 v1.0.0-20201130134442-10cb98267c6c/go.mod h1:JHkPIbrfpd72SG/EVd6muEfDQjcINNoR0C8j2r3qZ4Q=
gopkg.in/yaml.v3 v3.0.1 h1:fxVm/GzAzEWqLHuvctI91KS9hhNmmWOoWu0XTYJS7CA=
gopkg.in/yaml.v3 v3.0.1/go.mod h1:K4uyk7z7BCEPqu6E+C64Yfv1cQ7kz7rIZviUmN+EgEM=
