github.com/cenkalti/backoff/v5 v5.0.3 h1:ZN+IMa753KfX5hd8vVaMixjnqRZ3y8CuJKRKj1xcsSM=
github.com/cenkalti/backoff/v5 v5.0.3/go.mod h1:rkhZdG3JZukswDf7f0cwqPNk4K0sa+F97BxZthm/crw=
github.com/davecgh/go-spew v1.1.0/go.mod h1:J7Y8YcW2NihsgmVo/mv3lAwl/skON4iLHjSsI+c5H38=
github.com/davecgh/go-spew v1.1.1 h1:vj9j/u1bqnvCEfJOwUhtlOARqs3+rkHYY13jYWTU97c=
github.com/davecgh/go-spew v1.1.1/go.mod h1:J7Y8YcW2NihsgmVo/mv3lAwl/skON4iLHjSsI+c5H38=
github.com/go-logr/logr v1.2.2/go.mod h1:jdQByPbusPIv2/zmleS9BjJVeZ6kBagPoEUsqbVz/1A=
github.com/go-logr/logr v1.4.3 h1:CjnDlHq8ikf6E492q6eKboGOC0T8CDaOvkHCIg8idEI=
github.com/go-logr/logr v1.4.3/go.mod h1:9T104GzyrTigFIr8wt5mBrctHMim0Nb2HLGrmQ40KvY=
github.com/go-logr/stdr v1.2.2 h1:hSWxHoqTgW2S2qGc0LTAI563KZ5YKYRhT3MFKZMbjag=
github.com/go-logr/stdr v1.2.2/go.mod h1:mMo/vtBO5dYbehREoey6XUKy/eSumjCCveDpRre4VKE=
github.com/go-viper/mapstructure/v2 v2.4.0 h1:EBsztssimR/CONLSZZ04E8qAkxNYq4Qp9LvH92wZUgs=
github.com/go-viper/mapstructure/v2 v2.4.0/go.mod h1:oJDH3BJKyqBA2TXFhDsKDGDTlndYOZ6rGS0BRZIxGhM=
github.com/gobwas/glob v0.2.3 h1:A4xDbljILXROh+kObIiy5kIaPYD8e96x1tgBhUI5J+Y=
github.com/gobwas/glob v0.2.3/go.mod h1:d3Ez4x06l9bZtSvzIay5+Yzi0fmZzPgnTbPcKjJAkT8=
github.com/gogo/protobuf v1.3.2 h1:Ov1cvc58UF3b5XjBnZv7+opcTcQFZebYjWzi34vdm4Q=
github.com/gogo/protobuf v1.3.2/go.mod h1:P1XiOD3dCwIKUDQYPy72D8LYyHL2YPYrpS2s69NZV8Q=
github.com/golang/protobuf v1.5.4 h1:i7eJL8qZTpSEXOPTxNKhASYpMn+8e5Q6AdndVa1dWek=
github.com/golang/protobuf v1.5.4/go.mod h1:lnTiLA8Wa4RWRcIUkrtSVa5nRhsEGBg48fD6rSs7xps=
github.com/google/go-cmp v0.7.0 h1:wk8382ETsv4JYUZwIsn6YpYiWiBsYLSJiTsyBybVuN8=
github.com/google/go-cmp v0.7.0/go.mod h1:pXiqmnSA92OHEEa9HXL2W4E7lf9JzCmGVUdgjX3N/iU=
github.com/google/gofuzz v1.0.0/go.mod h1:dBl0BpW6vV/+mYPU4Po3pmUjxk6FQPldtuIdl/M65Eg=
github.com/google/uuid v1.6.0 h1:NIvaJDMOsjHA8n1jAhLSgzrAzy1Hgr+hNrb57e+94F0=
github.com/google/uuid v1.6.0/go.mod h1:TIyPZe4MgqvfeYDBFedMoGGpEw/LqOeaOT+nhxU+yHo=
github.com/hashicorp/go-version v1.7.0 h1:5tqGy27NaOTB8yJKUZELlFAS/LTKJkrmONwQKeRZfjY=
github.com/hashicorp/go-version v1.7.0/go.mod h1:fltr4n8CU8Ke44wwGCBoEymUuxUHl09ZGVZPK5anwXA=
github.com/json-iterator/go v1.1.12 h1:PV8peI4a0ysnczrg+LtxykD8LfKY9ML6u2jnxaEnrnM=
github.com/json-iterator/go v1.1.12/go.mod h1:e30LSqwooZae/UwlEbR2852Gd8hjQvJoHmT4TnhNGBo=
github.com/kisielk/errcheck v1.5.0/go.mod h1:pFxgyoBC7bSaBwPgfKdkLd5X25qrDl4LWUI2bnpBCr8=
github.com/kisielk/gotool v1.0.0/go.mod h1:XhKaO+MFFWcvkIS/tQcRk01m1F5IRFswLeQ+oQHNcck=
github.com/knadh/koanf/maps v0.1.2 h1:RBfmAW5CnZT+PJ1CVc1QSJKf4Xu9kxfQgYVQSu8hpbo=
github.com/knadh/koanf/maps v0.1.2/go.mod h1:npD/QZY3V6ghQDdcQzl1W4ICNVTkohC8E73eI2xW4yI=
github.com/knadh/koanf/providers/confmap v1.0.0 h1:mHKLJTE7iXEys6deO5p6olAiZdG5zwp8Aebir+/EaRE=
github.com/knadh/koanf/providers/confmap v1.0.0/go.mod h1:txHYHiI2hAtF0/0sCmcuol4IDcuQbKTybiB1nOcUo1A=
github.com/knadh/koanf/v2 v2.3.0 h1:Qg076dDRFHvqnKG97ZEsi9TAg2/nFTa9hCdcSa1lvlM=
github.com/knadh/koanf/v2 v2.3.0/go.mod h1:gRb40VRAbd4iJMYYD5IxZ6hfuopFcXBpc9bbQpZwo28=
github.com/kr/pretty v0.3.1 h1:flRD4NNwYAUpkphVc1HcthR4KEIFJ65n8Mw5qdRn3LE=
github.com/kr/pretty v0.3.1/go.mod h1:hoEshYVHaxMs3cyo3Yncou5ZscifuDolrwPKZanG3xk=
github.com/kr/text v0.2.0 h1:5Nx0Ya0ZqY2ygV366QzturHI13Jq95ApcVaJBhpS+AY=
github.com/kr/text v0.2.0/go.mod h1:eLer722TekiGuMkidMxC/pM04lWEeraHUUmBw8l2grE=
github.com/mitchellh/copystructure v1.2.0 h1:vpKXTN4ewci03Vljg/q9QvCGUDttBOGBIa15WveJJGw=
github.com/mitchellh/copystructure v1.2.0/go.mod h1:qLl+cE2AmVv+CoeAwDPye/v+N2HKCj9FbZEVFJRxO9s=
github.com/mitchellh/reflectwalk v1.0.2 h1:G2LzWKi524PWgd3mLHV8Y5k7s6XUvT0Gef6zxSIeXaQ=
github.com/mitchellh/reflectwalk v1.0.2/go.mod h1:mSTlrgnPZtwu0c4WaC2kGObEpuNDbx0jmZXqmk4esnw=
github.com/modern-go/concurrent v0.0.0-20180228061459-e0a39a4cb421/go.mod h1:6dJC0mAP4ikYIbvyc7fijjWJddQyLn8Ig3JB5CqoB9Q=
github.com/modern-go/concurrent v0.0.0-20180306012644-bacd9c7ef1dd h1:TRLaZ9cD/w8PVh93nsPXa1VrQ6jlwL5oN8l14QlcNfg=
github.com/modern-go/concurrent v0.0.0-20180306012644-bacd9c7ef1dd/go.mod h1:6dJC0mAP4ikYIbvyc7fijjWJddQyLn8Ig3JB5CqoB9Q=
github.com/modern-go/reflect2 v1.0.2/go.mod h1:yWuevngMOJpCy52FWWMvUC8ws7m/LJsjYzDa0/r8luk=
github.com/modern-go/reflect2 v1.0.3-0.20250322232337-35a7c28c31ee h1:W5t00kpgFdJifH4BDsTlE89Zl93FEloxaWZfGcifgq8=
github.com/modern-go/reflect2 v1.0.3-0.20250322232337-35a7c28c31ee/go.mod h1:yWuevngMOJpCy52FWWMvUC8ws7m/LJsjYzDa0/r8luk=
github.com/pmezard/go-difflib v1.0.0 h1:4DBwDE0NGyQoBHbLQYPwSUPoCMWR5BEzIk/f1lZbAQM=
github.com/pmezard/go-difflib v1.0.0/go.mod h1:iKH77koFhYxTK1pcRnkKkqfTogsbg7gZNVY4sRDYZ/4=
github.com/rogpeppe/go-internal v1.14.1 h1:UQB4HGPB6osV0SQTLymcB4TgvyWu6ZyliaW0tI/otEQ=
github.com/rogpeppe/go-internal v1.14.1/go.mod h1:MaRKkUm5W0goXpeCfT7UZI6fk/L7L7so1lCWt35ZSgc=
github.com/stretchr/objx v0.1.0/go.mod h1:HFkY916IF+rwdDfMAkV7OtwuqBVzrE8GR6GFx+wExME=
github.com/stretchr/testify v1.3.0/go.mod h1:M5WIy9Dh21IEIfnGCwXGc5bZfKNJtfHm1UVUgZn+9EI=
github.com/stretchr/testify v1.11.1 h1:7s2iGBzp5EwR7/aIZr8ao5+dra3wiQyKjjFuvgVKu7U=
github.com/stretchr/testify v1.11.1/go.mod h1:wZwfW3scLgRK+23gO65QZefKpKQRnfz6sD981Nm4B6U=
github.com/yuin/goldmark v1.1.27/go.mod h1:3hX8gzYuyVAZsxl0MRgGTJEmQBFcNTphYh9decYSb74=
github.com/yuin/goldmark v1.2.1/go.mod h1:3hX8gzYuyVAZsxl0MRgGTJEmQBFcNTphYh9decYSb74=
go.opentelemetry.io/auto/sdk v1.2.1 h1:jXsnJ4Lmnqd11kwkBV2LgLoFMZKizbCi5fNZ/ipaZ64=
go.opentelemetry.io/auto/sdk v1.2.1/go.mod h1:KRTj+aOaElaLi+wW1kO/DZRXwkF4C5xPbEe3ZiIhN7Y=
go.opentelemetry.io/collector/client v1.43.0 h1:uWAjq2AHoKg1Yz4/NKYoDPKhU6jJSSWX9zIKdGLCOlg=
go.opentelemetry.io/collector/client v1.43.0/go.mod h1:9EQOLvyRdozYDKOC7XHIapKT2N6wGWHqgbDply/uRj4=
go.opentelemetry.io/collector/component v1.43.0 h1:9dyOmV0UuIhrNSASMeDH125jhfv7+FhWMq0HtNHHCs8=
go.opentelemetry.io/collector/component v1.43.0/go.mod h1:Pw3qM5HhgnSMpebNRUiiJuEiXxZyHq83vl7wXqxD8hU=
go.opentelemetry.io/collector/component/componenttest v0.137.0 h1:QC9MZsYyzQqN9qMlleJb78wf7FeCjbr4jLeCuNlKHLU=
go.opentelemetry.io/collector/component/componenttest v0.137.0/go.mod h1:JuiX9pv7qE5G8keihhjM66LeidryEnziPND0sXuK9PQ=
go.opentelemetry.io/collector/config/configoptional v1.43.0 h1:u/MCeLUawXINEi05VdRuBRQ3wivEltxTjJqnL1eww4w=
go.opentelemetry.io/collector/config/configoptional v1.43.0/go.mod h1:vdhEmJCpL4nQx2fETr3Bvg9Uy14IwThxL5/g8Mvo/A8=
go.opentelemetry.io/collector/config/configretry v1.43.0 h1:Va5pDNL0TOzqjLdJZ4xxQN9EggMSGVmxXBa+M6UEG30=
go.opentelemetry.io/collector/config/configretry v1.43.0/go.mod h1:ZSTYqAJCq4qf+/4DGoIxCElDIl5yHt8XxEbcnpWBbMM=
go.opentelemetry.io/collector/confmap v1.43.0 h1:QVAnbS7A+2Ra61xsuG355vhlW6uOMaKWysrwLQzDUz4=
go.opentelemetry.io/collector/confmap v1.43.0/go.mod h1:N5GZpFCmwD1GynDu3IWaZW5Ycfc/7YxSU0q1/E3vLdg=
go.opentelemetry.io/collector/confmap/xconfmap v0.137.0 h1:IKzD6w4YuvBi6GvxZfhz7SJR6GR1UpSQRuxtx20/+9U=
go.opentelemetry.io/collector/confmap/xconfmap v0.137.0/go.mod h1:psXdQr13pVrCqNPdoER2QZZorvONAR5ZUEHURe4POh4=
go.opentelemetry.io/collector/consumer v1.43.0 h1:51pfN5h6PLlaBwGPtyHn6BdK0DgtVGRV0UYRPbbscbs=
go.opentelemetry.io/collector/consumer v1.43.0/go.mod h1:v3J2g+6IwOPbLsnzL9cQfvgpmmsZt1YS7aXSNDFmJfk=
go.opentelemetry.io/collector/consumer/consumererror v0.137.0 h1:4HgYX6vVmaF17RRRtJDpR8EuWmLAv6JdKYG8slDDa+g=
go.opentelemetry.io/collector/consumer/consumererror v0.137.0/go.mod h1:muYN3UZ/43YHpDpQRVvCj0Rhpt/YjoPAF/BO63cPSwk=
go.opentelemetry.io/collector/consumer/consumertest v0.137.0 h1:tkqBk/DmJcrkRvHwNdDwvdiWfqyS6ymGgr9eyn6Vy6A=
go.opentelemetry.io/collector/consumer/consumertest v0.137.0/go.mod h1:6bKAlEgrAZ3NSn7ULLFZQMQtlW2xJlvVWkzIaGprucg=
go.opentelemetry.io/collector/consumer/xconsumer v0.137.0 h1:p3tkV3O9bL3bZl3RN2wmoxl22f8B8eMomKUqz656OPY=
go.opentelemetry.io/collector/consumer/xconsumer v0.137.0/go.mod h1:N+nRnP0ga4Scu8Ew87F+kxVajE/eGjRLbWC9H+elN5Q=
go.opentelemetry.io/collector/exporter v1.43.0 h1:FYQ/bhOOiLcmIFvDAUvqfzHmZSvKkTrIFyYprPw3xug=
go.opentelemetry.io/collector/exporter v1.43.0/go.mod h1:lUB2OSGrRyD5PSXU0rF9gWcUYCGublBdnCV5hKlG+z8=
go.opentelemetry.io/collector/exporter/exporterhelper v0.137.0 h1:ffiZjBJvzgPYJpOltwIpvTCF8zg1VPxsoP6aW4VTDuQ=
go.opentelemetry.io/collector/exporter/exporterhelper v0.137.0/go.mod h1:osf2K/HkbdUU7EFigLhxMmz2r5MX/74vYC2RrBDURrc=
go.opentelemetry.io/collector/exporter/exportertest v0.137.0 h1:JesnY7M87UWE/gRsVUgskX95QCL/S4j1ARQTVHH4ggg=
go.opentelemetry.io/collector/exporter/exportertest v0.137.0/go.mod h1:6UxHqO5IyMKL3ehlE3UNpFupIyGc5BBj7xzmPoDImOI=
go.opentelemetry.io/collector/exporter/xexporter v0.137.0 h1:2fSmBDB+tuFoYKJSHbR/1nJIeO+LvvrjdOYEODKuhdo=
go.opentelemetry.io/collector/exporter/xexporter v0.137.0/go.mod h1:9gudRad3ijkbzcnTLE0y+CzUDtC4TaPyZQDUKB2yzVs=
go.opentelemetry.io/collector/extension v1.43.0 h1:39cGAGMJIZEhhm4KbsvJJrG8AheS6wOc++ydY0Wpdp0=
go.opentelemetry.io/collector/extension v1.43.0/go.mod h1:HVCPnRqx70Qn9BAmnqJt393er4l1OwcgAytLv1fSOSo=
go.opentelemetry.io/collector/extension/extensiontest v0.137.0 h1:gnPF3HIOKqNk93XObt2x0WFvVfPtm76VggWe7LxgcaY=
go.opentelemetry.io/collector/extension/extensiontest v0.137.0/go.mod h1:vVmKojdITYka9+iAi3aarxeMrO6kdlywKuf3d3c6lcI=
go.opentelemetry.io/collector/extension/xextension v0.137.0 h1:UQ/I7D5/YmkvAV7g8yhWHY7BV31HvjGBCYduQJPyt+M=
go.opentelemetry.io/collector/extension/xextension v0.137.0/go.mod h1:T2Vr5ijSNW7PavuyZyRYYxCitpUTN+f4tRUdED/rtRw=
go.opentelemetry.io/collector/featuregate v1.43.0 h1:Aq8UR5qv1zNlbbkTyqv8kLJtnoQMq/sG1/jS9o1cCJI=
go.opentelemetry.io/collector/featuregate v1.43.0/go.mod h1:d0tiRzVYrytB6LkcYgz2ESFTv7OktRPQe0QEQcPt1L4=
go.opentelemetry.io/collector/internal/telemetry v0.137.0 h1:KlJcaBnIIn+QJzQIfA1eXbYUvHmgM7h/gLp/vjvUBMw=
go.opentelemetry.io/collector/internal/telemetry v0.137.0/go.mod h1:GWOiXBZ82kMzwGMEihJ5rEo5lFL7gurfHD++5q0XtI8=
go.opentelemetry.io/collector/pdata v1.43.0 h1:zVkj2hcjiMLwX+QDDNwb7iTh3LBjNXKv2qPSgj1Rzb4=
go.opentelemetry.io/collector/pdata v1.43.0/go.mod h1:KsJzdDG9e5BaHlmYr0sqdSEKeEiSfKzoF+rdWU7J//w=
go.opentelemetry.io/collector/pdata/pprofile v0.137.0 h1:bLVp8p8hpH81eQhhEQBkvLtS00GbnMU+ItNweBJLqZ8=
go.opentelemetry.io/collector/pdata/pprofile v0.137.0/go.mod h1:QfhMf7NnG+fTuwGGB1mXgcPzcXNxEYSW6CrVouOsF7Q=
go.opentelemetry.io/collector/pdata/testdata v0.137.0 h1:+oaGvbt0v7xryTX827szmyYWSAtvA0LbysEFV2nFjs0=
go.opentelemetry.io/collector/pdata/testdata v0.137.0/go.mod h1:3512FJaQsZz5EBlrY46xKjzoBc0MoMcQtAqYs2NaRQM=
go.opentelemetry.io/collector/pdata/xpdata v0.137.0 h1:EZvBE26Hxzk+Dv3NU7idjsS+cXbwZrwdWXGgcTxsC8g=
go.opentelemetry.io/collector/pdata/xpdata v0.137.0/go.mod h1:MFbISBnECZ1m1JPc5F6LUhVIkmFkebuVk3NcpmGPtB8=
go.opentelemetry.io/collector/pipeline v1.43.0 h1:IJjdqE5UCQlyVvFUUzlhSWhP4WIwpH6UyJQ9iWXpyww=
go.opentelemetry.io/collector/pipeline v1.43.0/go.mod h1:xUrAqiebzYbrgxyoXSkk6/Y3oi5Sy3im2iCA51LwUAI=
go.opentelemetry.io/collector/receiver v1.43.0 h1:Z/+es1SFKCwgd7mPy3Jf5KUSgy7WyypSExg4NshOwaY=
go.opentelemetry.io/collector/receiver v1.43.0/go.mod h1:XhP5zl+MOMbqvvc9I5JjwULIzp7dRRUxo53EHmrl5Bc=
go.opentelemetry.io/collector/receiver/receivertest v0.137.0 h1:LqlFKtThf07dFjYGLMfI2J4aio60S03gocm8CL6jOd4=
go.opentelemetry.io/collector/receiver/receivertest v0.137.0/go.mod h1:bg4wfd9uq3jZfarMcqanHhQDlwbByp3GHCY7I6YO/QY=
go.opentelemetry.io/collector/receiver/xreceiver v0.137.0 h1:30h6o1hI03PSc0upgwWMFRZYaVrqLaruA6r/jI1Kk/4=
go.opentelemetry.io/collector/receiver/xreceiver v0.137.0/go.mod h1:kvydfp3S8PKBVXH5OgPsTSneXQ92HGyi30hSrKy1fe4=
go.opentelemetry.io/contrib/bridges/otelzap v0.13.0 h1:aBKdhLVieqvwWe9A79UHI/0vgp2t/s2euY8X59pGRlw=
go.opentelemetry.io/contrib/bridges/otelzap v0.13.0/go.mod h1:SYqtxLQE7iINgh6WFuVi2AI70148B8EI35DSk0Wr8m4=
go.opentelemetry.io/otel v1.38.0 h1:RkfdswUDRimDg0m2Az18RKOsnI8UDzppJAtj01/Ymk8=
go.opentelemetry.io/otel v1.38.0/go.mod h1:zcmtmQ1+YmQM9wrNsTGV/q/uyusom3P8RxwExxkZhjM=
go.opentelemetry.io/otel/log v0.14.0 h1:2rzJ+pOAZ8qmZ3DDHg73NEKzSZkhkGIua9gXtxNGgrM=
go.opentelemetry.io/otel/log v0.14.0/go.mod h1:5jRG92fEAgx0SU/vFPxmJvhIuDU9E1SUnEQrMlJpOno=
go.opentelemetry.io/otel/log/logtest v0.14.0 h1:BGTqNeluJDK2uIHAY8lRqxjVAYfqgcaTbVk1n3MWe5A=
go.opentelemetry.io/otel/log/logtest v0.14.0/go.mod h1:IuguGt8XVP4XA4d2oEEDMVDBBCesMg8/tSGWDjuKfoA=
go.opentelemetry.io/otel/metric v1.38.0 h1:Kl6lzIYGAh5M159u9NgiRkmoMKjvbsKtYRwgfrA6WpA=
go.opentelemetry.io/otel/metric v1.38.0/go.mod h1:kB5n/QoRM8YwmUahxvI3bO34eVtQf2i4utNVLr9gEmI=
go.opentelemetry.io/otel/sdk v1.38.0 h1:l48sr5YbNf2hpCUj/FoGhW9yDkl+Ma+LrVl8qaM5b+E=
go.opentelemetry.io/otel/sdk v1.38.0/go.mod h1:ghmNdGlVemJI3+ZB5iDEuk4bWA3GkTpW+DOoZMYBVVg=
go.opentelemetry.io/otel/sdk/metric v1.38.0 h1:aSH66iL0aZqo//xXzQLYozmWrXxyFkBJ6qT5wthqPoM=
go.opentelemetry.io/otel/sdk/metric v1.38.0/go.mod h1:dg9PBnW9XdQ1Hd6ZnRz689CbtrUp0wMMs9iPcgT9EZA=
go.opentelemetry.io/otel/trace v1.38.0 h1:Fxk5bKrDZJUH+AMyyIXGcFAPah0oRcT+LuNtJrmcNLE=
go.opentelemetry.io/otel/trace v1.38.0/go.mod h1:j1P9ivuFsTceSWe1oY+EeW3sc+Pp42sO++GHkg4wwhs=
go.opentelemetry.io/proto/slim/otlp v1.8.0 h1:afcLwp2XOeCbGrjufT1qWyruFt+6C9g5SOuymrSPUXQ=
go.opentelemetry.io/proto/slim/otlp v1.8.0/go.mod h1:Yaa5fjYm1SMCq0hG0x/87wV1MP9H5xDuG/1+AhvBcsI=
go.opentelemetry.io/proto/slim/otlp/collector/profiles/v1development v0.1.0 h1:Uc+elixz922LHx5colXGi1ORbsW8DTIGM+gg+D9V7HE=
go.opentelemetry.io/proto/slim/otlp/collector/profiles/v1development v0.1.0/go.mod h1:VyU6dTWBWv6h9w/+DYgSZAPMabWbPTFTuxp25sM8+s0=
go.opentelemetry.io/proto/slim/otlp/profiles/v1development v0.1.0 h1:i8YpvWGm/Uq1koL//bnbJ/26eV3OrKWm09+rDYo7keU=
go.opentelemetry.io/proto/slim/otlp/profiles/v1development v0.1.0/go.mod h1:pQ70xHY/ZVxNUBPn+qUWPl8nwai87eWdqL3M37lNi9A=
go.uber.org/goleak v1.3.0 h1:2K3zAYmnTNqV73imy9J1T3WC+gmCePx2hEGkimedGto=
go.uber.org/goleak v1.3.0/go.mod h1:CoHD4mav9JJNrW/WLlf7HGZPjdw8EucARQHekz1X6bE=
go.uber.org/multierr v1.11.0 h1:blXXJkSxSSfBVBlC76pxqeO+LN3aDfLQo+309xJstO0=
go.uber.org/multierr v1.11.0/go.mod h1:20+QtiLqy0Nd6FdQB9TLXag12DsQkrbs3htMFfDN80Y=
go.uber.org/zap v1.27.0 h1:aJMhYGrd5QSmlpLMr2MftRKl7t8J8PTZPA732ud/XR8=
go.uber.org/zap v1.27.0/go.mod h1:GB2qFLM7cTU87MWRP2mPIjqfIDnGu+VIO4V/SdhGo2E=
go.yaml.in/yaml/v3 v3.0.4 h1:tfq32ie2Jv2UxXFdLJdh3jXuOzWiL1fo0bu/FbuKpbc=
go.yaml.in/yaml/v3 v3.0.4/go.mod h1:DhzuOOF2ATzADvBadXxruRBLzYTpT36CKvDb3+aBEFg=
golang.org/x/crypto v0.0.0-20190308221718-c2843e01d9a2/go.mod h1:djNgcEr1/C05ACkg1iLfiJU5Ep61QUkGW8qpdssI0+w=
golang.org/x/crypto v0.0.0-20191011191535-87dc89f01550/go.mod h1:yigFU9vqHzYiE8UmvKecakEJjdnWj3jj499lnFckfCI=
golang.org/x/crypto v0.0.0-20200622213623-75b288015ac9/go.mod h1:LzIPMQfyMNhhGPhUkYOs5KpL4U8rLKemX1yGLhDgUto=
golang.org/x/mod v0.2.0/go.mod h1:s0Qsj1ACt9ePp/hMypM3fl4fZqREWJwdYDEqhRiZZUA=
golang.org/x/mod v0.3.0/go.mod h1:s0Qsj1ACt9ePp/hMypM3fl4fZqREWJwdYDEqhRiZZUA=
golang.org/x/net v0.0.0-20190404232315-eb5bcb51f2a3/go.mod h1:t9HGtf8HONx5eT2rtn7q6eTqICYqUVnKs3thJo3Qplg=
golang.org/x/net v0.0.0-20190620200207-3b0461eec859/go.mod h1:z5CRVTTTmAJ677TzLLGU+0bjPO0LkuOLi4/5GtJWs/s=
golang.org/x/net v0.0.0-20200226121028-0de0cce0169b/go.mod h1:z5CRVTTTmAJ677TzLLGU+0bjPO0LkuOLi4/5GtJWs/s=
golang.org/x/net v0.0.0-20201021035429-f5854403a974/go.mod h1:sp8m0HH+o8qH0wwXwYZr8TS3Oi6o0r6Gce1SSxlDquU=
golang.org/x/net v0.46.0 h1:giFlY12I07fugqwPuWJi68oOnpfqFnJIJzaIIm2JVV4=
golang.org/x/net v0.46.0/go.mod h1:Q9BGdFy1y4nkUwiLvT5qtyhAnEHgnQ/zd8PfU6nc210=
golang.org/x/sync v0.0.0-20190423024810-112230192c58/go.mod h1:RxMgew5VJxzue5/jJTE5uejpjVlOe/izrB70Jof72aM=
golang.org/x/sync v0.0.0-20190911185100-cd5d95a43a6e/go.mod h1:RxMgew5VJxzue5/jJTE5uejpjVlOe/izrB70Jof72aM=
golang.org/x/sync v0.0.0-20201020160332-67f06af15bc9/go.mod h1:RxMgew5VJxzue5/jJTE5uejpjVlOe/izrB70Jof72aM=
golang.org/x/sys v0.0.0-20190215142949-d0b11bdaac8a/go.mod h1:STP8DvDyc/dI5b8T5hshtkjS+E42TnysNCUPdjciGhY=
golang.org/x/sys v0.0.0-20190412213103-97732733099d/go.mod h1:h1NjWce9XRLGQEsW7wpKNCjG9DtNlClVuFLEZdDNbEs=
golang.org/x/sys v0.0.0-20200930185726-fdedc70b468f/go.mod h1:h1NjWce9XRLGQEsW7wpKNCjG9DtNlClVuFLEZdDNbEs=
golang.org/x/sys v0.37.0 h1:fdNQudmxPjkdUTPnLn5mdQv7Zwvbvpaxqs831goi9kQ=
golang.org/x/sys v0.37.0/go.mod h1:OgkHotnGiDImocRcuBABYBEXf8A9a87e/uXjp9XT3ks=
golang.org/x/text v0.3.0/go.mod h1:NqM8EUOU14njkJ3fqMW+pc6Ldnwhi/IjpwHt7yyuwOQ=
golang.org/x/text v0.3.3/go.mod h1:5Zoc/QRtKVWzQhOtBMvqHzDpF6irO9z98xDceosuGiQ=
golang.org/x/text v0.30.0 h1:yznKA/E9zq54KzlzBEAWn1NXSQ8DIp/NYMy88xJjl4k=
golang.org/x/text v0.30.0/go.mod h1:yDdHFIX9t+tORqspjENWgzaCVXgk0yYnYuSZ8UzzBVM=
golang.org/x/tools v0.0.0-20180917221912-90fa682c2a6e/go.mod h1:n7NCudcB/nEzxVGmLbDWY5pfWTLqBcC2KZ6jyYvM4mQ=
golang.org/x/tools v0.0.0-20191119224855-298f0cb1881e/go.mod h1:b+2E5dAYhXwXZwtnZ6UAqBI28+e2cm9otk0dWdXHAEo=
golang.org/x/tools v0.0.0-20200619180055-7c47624df98f/go.mod h1:EkVYQZoAsY45+roYkvgYkIh4xh/qjgUK9TdY2XT94GE=
golang.org/x/tools v0.0.0-20210106214847-113979e3529a/go.mod h1:emZCQorbCU4vsT4fOWvOPXz4eW1wZW4PmDk9uLelYpA=
golang.org/x/xerrors v0.0.0-20190717185122-a985d3407aa7/go.mod h1:I/5z698sn9Ka8TeJc9MKroUUfqBBauWjQqLJ2OPfmY0=
golang.org/x/xerrors v0.0.0-20191011141410-1b5146add898/go.mod h1:I/5z698sn9Ka8TeJc9MKroUUfqBBauWjQqLJ2OPfmY0=
golang.org/x/xerrors v0.0.0-20191204190536-9bdfabe68543/go.mod h1:I/5z698sn9Ka8TeJc9MKroUUfqBBauWjQqLJ2OPfmY0=
golang.org/x/xerrors v0.0.0-20200804184101-5ec99f83aff1/go.mod h1:I/5z698sn9Ka8TeJc9MKroUUfqBBauWjQqLJ2OPfmY0=
gonum.org/v1/gonum v0.16.0 h1:5+ul4Swaf3ESvrOnidPp4GZbzf0mxVQpDCYUQE7OJfk=
gonum.org/v1/gonum v0.16.0/go.mod h1:fef3am4MQ93R2HHpKnLk4/Tbh/s0+wqD5nfa6Pnwy4E=
google.golang.org/genproto/googleapis/rpc v0.0.0-20251007200510-49b9836ed3ff h1:A90eA31Wq6HOMIQlLfzFwzqGKBTuaVztYu/g8sn+8Zc=
google.golang.org/genproto/googleapis/rpc v0.0.0-20251007200510-49b9836ed3ff/go.mod h1:7i2o+ce6H/6BluujYR+kqX3GKH+dChPTQU19wjRPiGk=
google.golang.org/grpc v1.76.0 h1:UnVkv1+uMLYXoIz6o7chp59WfQUYA2ex/BXQ9rHZu7A=
google.golang.org/grpc v1.76.0/go.mod h1:Ju12QI8M6iQJtbcsV+awF5a4hfJMLi4X0JLo94ULZ6c=
google.golang.org/protobuf v1.36.10 h1:AYd7cD/uASjIL6Q9LiTjz8JLcrh/88q5UObnmY3aOOE=
google.golang.org/protobuf v1.36.10/go.mod h1:HTf+CrKn2C3g5S8VImy6tdcUvCska2kB7j23XfzDpco=
gopkg.in/check.v1 v0.0.0-20161208181325-20d25e280405/go.mod h1:Co6ibVJAznAaIkqp8huTwlJQCZ016jof/cbN4VW5Yz0=
gopkg.in/check.v1 v1.0.0-20201130134442-10cb98267c6c h1:Hei/4ADfdWqJk1ZMxUNpqntNwaWcugrBjAiHlqqRiVk=
gopkg.in/check.v1 v1.0.0-20201130134442-10cb98267c6c/go.mod h1:JHkPIbrfpd72SG/EVd6muEfDQjcINNoR0C8j2r3qZ4Q=
gopkg.in/yaml.v3 v3.0.1 h1:fxVm/GzAzEWqLHuvctI91KS9hhNmmWOoWu0XTYJS7CA=
gopkg.in/yaml.v3 v3.0.1/go.mod h1:K4uyk7z7BCEPqu6E+C64Yfv1cQ7kz7rIZviUmN+EgEM=
